PODS:
  - CFNotify (1.0.2)
  - DynamicColor (4.0.2)
  - EFCMark (0.0.1)
  - EFMarkdown (4.0.0):
    - EFCMark
  - FBSnapshotTestCase (2.1.4):
    - FBSnapshotTestCase/SwiftSupport (= 2.1.4)
  - FBSnapshotTestCase/Core (2.1.4)
  - FBSnapshotTestCase/SwiftSupport (2.1.4):
    - FBSnapshotTestCase/Core
  - GitHubClient (0.1.0)
  - Kingfisher (4.6.1)
  - MBProgressHUD (1.1.0)
  - Nimble (7.0.3)
  - Nimble-Snapshots (6.3.0):
    - Nimble-Snapshots/Core (= 6.3.0)
  - Nimble-Snapshots/Core (6.3.0):
    - FBSnapshotTestCase (~> 2.0)
    - Nimble (~> 7.0)
  - ObjcExceptionBridging (1.0.1):
    - ObjcExceptionBridging/ObjcExceptionBridging (= 1.0.1)
  - ObjcExceptionBridging/ObjcExceptionBridging (1.0.1)
  - Quick (1.2.0)
  - Reusable (4.0.0):
    - Reusable/Storyboard (= 4.0.0)
    - Reusable/View (= 4.0.0)
  - Reusable/Storyboard (4.0.0)
  - Reusable/View (4.0.0)
  - RxCocoa (4.1.1):
    - RxSwift (~> 4.0)
  - RxFlow (1.0.3):
    - RxCocoa (>= 4.0.0)
    - RxSwift (>= 4.0.0)
  - RxSwift (4.1.1)
  - SideMenu (3.1.5)
  - SnapKit (4.0.0)
  - SwiftyImage (1.2.0)
  - UITableView+FDTemplateLayoutCell (1.6)
  - XCGLogger (6.0.2):
    - XCGLogger/Core (= 6.0.2)
  - XCGLogger/Core (6.0.2):
    - ObjcExceptionBridging
  - YYText (1.0.7)

DEPENDENCIES:
  - CFNotify
  - DynamicColor
  - EFMarkdown
  - FBSnapshotTestCase (~> 2.1.4)
  - GitHubClient (from `../`)
  - Kingfisher
  - MBProgressHUD
  - Nimble (~> 7.0.2)
  - Nimble-Snapshots (~> 6.3.0)
  - Quick (~> 1.2.0)
  - Reusable
  - RxFlow
  - RxSwift
  - SideMenu
  - SnapKit
  - SwiftyImage
  - UITableView+FDTemplateLayoutCell
  - XCGLogger
  - YYText

EXTERNAL SOURCES:
  GitHubClient:
    :path: ../

SPEC CHECKSUMS:
  CFNotify: e32996ad9034b4d64b30d685e456ea4b83fecb49
  DynamicColor: c7adcfe871781a2b39877a5774e452ba51b79eb3
  EFCMark: 384f782f489f104c590dc375b9de902de37ebca3
  EFMarkdown: ee89bd6644fca23b9128576d6d87cb2e1c537d89
  FBSnapshotTestCase: 094f9f314decbabe373b87cc339bea235a63e07a
  GitHubClient: 9adeb35340ab0e85a35fc4801a60f5a2d20dce31
  Kingfisher: 1f9157d9c02b380cbd0b7cc890161195164eb634
  MBProgressHUD: e7baa36a220447d8aeb12769bf0585582f3866d9
  Nimble: 7f5a9c447a33002645a071bddafbfb24ea70e0ac
  Nimble-Snapshots: f5459b5b091678dc942d03ec4741cacb58ba4a52
  ObjcExceptionBridging: c30e00eb3700467e695faeea30e26e18bd445001
  Quick: 58d203b1c5e27fff7229c4c1ae445ad7069a7a08
  Reusable: 98e5fff1e0e2e00872199699b276dde08ee56c07
  RxCocoa: fd0862fd2df95fa55562ad28ffd2522c25eb4a85
  RxFlow: 6f8d96a1ae627831212a4bb649e87c8d6eb25143
  RxSwift: c6e3b1c7b325c7d121cd4327e9d98b7ed746b570
  SideMenu: 47dbf9e4d878062d8994aed43f6e4bf6c1fea30b
  SnapKit: a42d492c16e80209130a3379f73596c3454b7694
  SwiftyImage: ebaa7c7b6163cd4ad102f3bb05a8fb276d35b4f3
  UITableView+FDTemplateLayoutCell: 5c949b4a5059c404b442926c0e80f81d10a2d66f
  XCGLogger: c9601cae9a8912de34a58666ba931ed3d624dd31
  YYText: 5c461d709e24d55a182d1441c41dc639a18a4849

PODFILE CHECKSUM: 565d44c29c9cc224c26a85c8a9fb0262897eafe5

COCOAPODS: 1.4.0.beta.2
