PODS:
  - CFNotify (1.0.2)
  - DynamicColor (4.0.2)
  - EFCMark (0.0.1)
  - EFMarkdown (4.0.0):
    - EFCMark
  - FBSnapshotTestCase (2.1.4):
    - FBSnapshotTestCase/SwiftSupport (= 2.1.4)
  - FBSnapshotTestCase/Core (2.1.4)
  - FBSnapshotTestCase/SwiftSupport (2.1.4):
    - FBSnapshotTestCase/Core
  - GitHubClient (0.1.0)
  - Kingfisher (4.6.1)
  - MBProgressHUD (1.1.0)
  - MJRefresh (3.1.15.1)
  - Nimble (7.0.3)
  - Nimble-Snapshots (6.3.0):
    - Nimble-Snapshots/Core (= 6.3.0)
  - Nimble-Snapshots/Core (6.3.0):
    - FBSnapshotTestCase (~> 2.0)
    - Nimble (~> 7.0)
  - ObjcExceptionBridging (1.0.1):
    - ObjcExceptionBridging/ObjcExceptionBridging (= 1.0.1)
  - ObjcExceptionBridging/ObjcExceptionBridging (1.0.1)
  - Quick (1.2.0)
  - Reusable (4.0.1):
    - Reusable/Storyboard (= 4.0.1)
    - Reusable/View (= 4.0.1)
  - Reusable/Storyboard (4.0.1)
  - Reusable/View (4.0.1)
  - RxSwift (4.1.1)
  - SnapKit (4.0.0)
  - UITableView+FDTemplateLayoutCell (1.6)
  - URLNavigator (2.0.4)
  - XCGLogger (6.0.2):
    - XCGLogger/Core (= 6.0.2)
  - XCGLogger/Core (6.0.2):
    - ObjcExceptionBridging
  - YYText (1.0.7)

DEPENDENCIES:
  - CFNotify
  - DynamicColor
  - EFMarkdown
  - FBSnapshotTestCase (~> 2.1.4)
  - GitHubClient (from `../`)
  - Kingfisher
  - MBProgressHUD
  - MJRefresh
  - Nimble (~> 7.0.2)
  - Nimble-Snapshots (~> 6.3.0)
  - Quick (~> 1.2.0)
  - Reusable
  - RxSwift
  - SnapKit
  - UITableView+FDTemplateLayoutCell
  - URLNavigator
  - XCGLogger
  - YYText

EXTERNAL SOURCES:
  GitHubClient:
    :path: ../

SPEC CHECKSUMS:
  CFNotify: e32996ad9034b4d64b30d685e456ea4b83fecb49
  DynamicColor: c7adcfe871781a2b39877a5774e452ba51b79eb3
  EFCMark: 384f782f489f104c590dc375b9de902de37ebca3
  EFMarkdown: ee89bd6644fca23b9128576d6d87cb2e1c537d89
  FBSnapshotTestCase: 094f9f314decbabe373b87cc339bea235a63e07a
  GitHubClient: 131ad1f95394030e14b6b011be53ee1a4a33d092
  Kingfisher: 6324ff74b34238c548bf00633845642640c14c8f
  MBProgressHUD: b6823db736898d5d6d84546af399093c27180bbc
  MJRefresh: 5f8552bc25ca8751c010f621c1098dbdaacbccd6
  Nimble: 7f5a9c447a33002645a071bddafbfb24ea70e0ac
  Nimble-Snapshots: f5459b5b091678dc942d03ec4741cacb58ba4a52
  ObjcExceptionBridging: c30e00eb3700467e695faeea30e26e18bd445001
  Quick: 58d203b1c5e27fff7229c4c1ae445ad7069a7a08
  Reusable: a130b0f3944469ce9290a30a1502bc2534021938
  RxSwift: 1074e02e68854f5ed78448dddbaa2e3f0eeb88db
  SnapKit: 8ffe022045b86cae0fdbc8730e0befe66acada1a
  UITableView+FDTemplateLayoutCell: bfd2ea61fcd3564f5625b5b0f4a6da0efefa0165
  URLNavigator: 39a94b90734c0dc5b332f93ff6468d102bcc8202
  XCGLogger: ee201a9a6f7b40055852467ba60a7f7943b24163
  YYText: 5c461d709e24d55a182d1441c41dc639a18a4849

PODFILE CHECKSUM: a75c0ee0b7ef49c13cfc3fd1fc94b5870c6ccbce

COCOAPODS: 1.4.0
