// !$*UTF8*$!
{
	archiveVersion = 1;
	classes = {
	};
	objectVersion = 46;
	objects = {

/* Begin PBXBuildFile section */
		2F12B11D1FA9AC3800FAAFB9 /* EventViewModel.swift in Sources */ = {isa = PBXBuildFile; fileRef = 2F12B11C1FA9AC3800FAAFB9 /* EventViewModel.swift */; };
		2F182DFC1FFCB8C900414E3F /* RepositoryDetailViewController.swift in Sources */ = {isa = PBXBuildFile; fileRef = 2F182DFB1FFCB8C900414E3F /* RepositoryDetailViewController.swift */; };
		2F3065141FA32AB0005A6E5A /* NewsCell.swift in Sources */ = {isa = PBXBuildFile; fileRef = 2F3065121FA32AB0005A6E5A /* NewsCell.swift */; };
		2F3065151FA32AB0005A6E5A /* NewsCell.xib in Resources */ = {isa = PBXBuildFile; fileRef = 2F3065131FA32AB0005A6E5A /* NewsCell.xib */; };
		2F4707201FA6B40900BD9328 /* EventsViewController.swift in Sources */ = {isa = PBXBuildFile; fileRef = 2F47071F1FA6B40900BD9328 /* EventsViewController.swift */; };
		2F894B141FFF1735001F531E /* UserRepositoryViewController.swift in Sources */ = {isa = PBXBuildFile; fileRef = 2F894B131FFF1735001F531E /* UserRepositoryViewController.swift */; };
		2F894B161FFF1903001F531E /* UserRepositoryViewModel.swift in Sources */ = {isa = PBXBuildFile; fileRef = 2F894B151FFF1903001F531E /* UserRepositoryViewModel.swift */; };
		2F894B1B1FFF52B5001F531E /* RepositoryDetailViewController.storyboard in Resources */ = {isa = PBXBuildFile; fileRef = 2F894B1A1FFF52B5001F531E /* RepositoryDetailViewController.storyboard */; };
		2FA352261FA1C8C800D87553 /* RepositoryCell.xib in Resources */ = {isa = PBXBuildFile; fileRef = 2FA352221FA1C8C800D87553 /* RepositoryCell.xib */; };
		2FA352271FA1C8C800D87553 /* ViewController.swift in Sources */ = {isa = PBXBuildFile; fileRef = 2FA352231FA1C8C800D87553 /* ViewController.swift */; };
		2FA352281FA1C8C800D87553 /* RepositoryCell.swift in Sources */ = {isa = PBXBuildFile; fileRef = 2FA352241FA1C8C800D87553 /* RepositoryCell.swift */; };
		2FA352291FA1C8C800D87553 /* RepositorySearchViewController.swift in Sources */ = {isa = PBXBuildFile; fileRef = 2FA352251FA1C8C800D87553 /* RepositorySearchViewController.swift */; };
		2FA3522B1FA1C8D200D87553 /* AppDelegate.swift in Sources */ = {isa = PBXBuildFile; fileRef = 2FA3522A1FA1C8D200D87553 /* AppDelegate.swift */; };
		2FA3522D1FA1C8E000D87553 /* Main.storyboard in Resources */ = {isa = PBXBuildFile; fileRef = 2FA3522C1FA1C8E000D87553 /* Main.storyboard */; };
		2FA3525B1FA1CA5F00D87553 /* DateString.swift in Sources */ = {isa = PBXBuildFile; fileRef = 2FA3525A1FA1CA5F00D87553 /* DateString.swift */; };
		2FA3525D1FA1CB0500D87553 /* HUD.swift in Sources */ = {isa = PBXBuildFile; fileRef = 2FA3525C1FA1CB0500D87553 /* HUD.swift */; };
		2FB54BA920030138008493F7 /* TopicsView.swift in Sources */ = {isa = PBXBuildFile; fileRef = 2FB54BA820030138008493F7 /* TopicsView.swift */; };
		2FB54BAB20036304008493F7 /* MarkDownView.swift in Sources */ = {isa = PBXBuildFile; fileRef = 2FB54BAA20036304008493F7 /* MarkDownView.swift */; };
		2FB576E11FB961390019BF56 /* Layer+Animation.swift in Sources */ = {isa = PBXBuildFile; fileRef = 2FB576E01FB961390019BF56 /* Layer+Animation.swift */; };
		2FBD3D301FFE085A003FD6D6 /* ViewModelBased.swift in Sources */ = {isa = PBXBuildFile; fileRef = 2FBD3D2F1FFE085A003FD6D6 /* ViewModelBased.swift */; };
		2FBD3D331FFE0B3A003FD6D6 /* RepositorySearchViewModel.swift in Sources */ = {isa = PBXBuildFile; fileRef = 2FBD3D321FFE0B3A003FD6D6 /* RepositorySearchViewModel.swift */; };
		2FBD3D371FFE0FD5003FD6D6 /* MainFlow.swift in Sources */ = {isa = PBXBuildFile; fileRef = 2FBD3D361FFE0FD5003FD6D6 /* MainFlow.swift */; };
		2FBD3D391FFE0FF6003FD6D6 /* AppStep.swift in Sources */ = {isa = PBXBuildFile; fileRef = 2FBD3D381FFE0FF6003FD6D6 /* AppStep.swift */; };
		2FDDB0BA1FAAEF4800CBCED3 /* NotificationsViewController.swift in Sources */ = {isa = PBXBuildFile; fileRef = 2FDDB0B91FAAEF4800CBCED3 /* NotificationsViewController.swift */; };
		2FDDB0C01FAAFB3700CBCED3 /* NotificationCell.swift in Sources */ = {isa = PBXBuildFile; fileRef = 2FDDB0BE1FAAFB3700CBCED3 /* NotificationCell.swift */; };
		2FDDB0C11FAAFB3700CBCED3 /* NotificationCell.xib in Resources */ = {isa = PBXBuildFile; fileRef = 2FDDB0BF1FAAFB3700CBCED3 /* NotificationCell.xib */; };
		607FACDD1AFB9204008FA782 /* Images.xcassets in Resources */ = {isa = PBXBuildFile; fileRef = 607FACDC1AFB9204008FA782 /* Images.xcassets */; };
		607FACE01AFB9204008FA782 /* LaunchScreen.xib in Resources */ = {isa = PBXBuildFile; fileRef = 607FACDE1AFB9204008FA782 /* LaunchScreen.xib */; };
		607FACEC1AFB9204008FA782 /* Tests.swift in Sources */ = {isa = PBXBuildFile; fileRef = 607FACEB1AFB9204008FA782 /* Tests.swift */; };
		9672545F2E4D4ABB1C06F8FF /* Pods_GitHubClient_Tests.framework in Frameworks */ = {isa = PBXBuildFile; fileRef = D536D2C33452F879DB31BEFE /* Pods_GitHubClient_Tests.framework */; };
		AC90611EF9199EB2576CF361 /* Pods_GitHubClient_Example.framework in Frameworks */ = {isa = PBXBuildFile; fileRef = FADBC4B850F7F3DEFD085C49 /* Pods_GitHubClient_Example.framework */; };
/* End PBXBuildFile section */

/* Begin PBXContainerItemProxy section */
		607FACE61AFB9204008FA782 /* PBXContainerItemProxy */ = {
			isa = PBXContainerItemProxy;
			containerPortal = 607FACC81AFB9204008FA782 /* Project object */;
			proxyType = 1;
			remoteGlobalIDString = 607FACCF1AFB9204008FA782;
			remoteInfo = GitHubClient;
		};
/* End PBXContainerItemProxy section */

/* Begin PBXFileReference section */
		09306493ACF418F9E17AC3B6 /* GitHubClient.podspec */ = {isa = PBXFileReference; includeInIndex = 1; lastKnownFileType = text; name = GitHubClient.podspec; path = ../GitHubClient.podspec; sourceTree = "<group>"; };
		2F12B11C1FA9AC3800FAAFB9 /* EventViewModel.swift */ = {isa = PBXFileReference; lastKnownFileType = sourcecode.swift; path = EventViewModel.swift; sourceTree = "<group>"; };
		2F182DFB1FFCB8C900414E3F /* RepositoryDetailViewController.swift */ = {isa = PBXFileReference; lastKnownFileType = sourcecode.swift; path = RepositoryDetailViewController.swift; sourceTree = "<group>"; };
		2F3065121FA32AB0005A6E5A /* NewsCell.swift */ = {isa = PBXFileReference; lastKnownFileType = sourcecode.swift; path = NewsCell.swift; sourceTree = "<group>"; };
		2F3065131FA32AB0005A6E5A /* NewsCell.xib */ = {isa = PBXFileReference; lastKnownFileType = file.xib; path = NewsCell.xib; sourceTree = "<group>"; };
		2F47071F1FA6B40900BD9328 /* EventsViewController.swift */ = {isa = PBXFileReference; lastKnownFileType = sourcecode.swift; path = EventsViewController.swift; sourceTree = "<group>"; };
		2F894B131FFF1735001F531E /* UserRepositoryViewController.swift */ = {isa = PBXFileReference; lastKnownFileType = sourcecode.swift; path = UserRepositoryViewController.swift; sourceTree = "<group>"; };
		2F894B151FFF1903001F531E /* UserRepositoryViewModel.swift */ = {isa = PBXFileReference; lastKnownFileType = sourcecode.swift; path = UserRepositoryViewModel.swift; sourceTree = "<group>"; };
		2F894B1A1FFF52B5001F531E /* RepositoryDetailViewController.storyboard */ = {isa = PBXFileReference; lastKnownFileType = file.storyboard; path = RepositoryDetailViewController.storyboard; sourceTree = "<group>"; };
		2FA352221FA1C8C800D87553 /* RepositoryCell.xib */ = {isa = PBXFileReference; fileEncoding = 4; lastKnownFileType = file.xib; path = RepositoryCell.xib; sourceTree = "<group>"; };
		2FA352231FA1C8C800D87553 /* ViewController.swift */ = {isa = PBXFileReference; fileEncoding = 4; lastKnownFileType = sourcecode.swift; path = ViewController.swift; sourceTree = "<group>"; };
		2FA352241FA1C8C800D87553 /* RepositoryCell.swift */ = {isa = PBXFileReference; fileEncoding = 4; lastKnownFileType = sourcecode.swift; path = RepositoryCell.swift; sourceTree = "<group>"; };
		2FA352251FA1C8C800D87553 /* RepositorySearchViewController.swift */ = {isa = PBXFileReference; fileEncoding = 4; lastKnownFileType = sourcecode.swift; path = RepositorySearchViewController.swift; sourceTree = "<group>"; };
		2FA3522A1FA1C8D200D87553 /* AppDelegate.swift */ = {isa = PBXFileReference; fileEncoding = 4; lastKnownFileType = sourcecode.swift; path = AppDelegate.swift; sourceTree = "<group>"; };
		2FA3522C1FA1C8E000D87553 /* Main.storyboard */ = {isa = PBXFileReference; fileEncoding = 4; lastKnownFileType = file.storyboard; path = Main.storyboard; sourceTree = "<group>"; };
		2FA3525A1FA1CA5F00D87553 /* DateString.swift */ = {isa = PBXFileReference; fileEncoding = 4; lastKnownFileType = sourcecode.swift; path = DateString.swift; sourceTree = "<group>"; };
		2FA3525C1FA1CB0500D87553 /* HUD.swift */ = {isa = PBXFileReference; fileEncoding = 4; lastKnownFileType = sourcecode.swift; path = HUD.swift; sourceTree = "<group>"; };
		2FB54BA820030138008493F7 /* TopicsView.swift */ = {isa = PBXFileReference; lastKnownFileType = sourcecode.swift; path = TopicsView.swift; sourceTree = "<group>"; };
		2FB54BAA20036304008493F7 /* MarkDownView.swift */ = {isa = PBXFileReference; lastKnownFileType = sourcecode.swift; path = MarkDownView.swift; sourceTree = "<group>"; };
		2FB576E01FB961390019BF56 /* Layer+Animation.swift */ = {isa = PBXFileReference; lastKnownFileType = sourcecode.swift; path = "Layer+Animation.swift"; sourceTree = "<group>"; };
		2FBD3D2F1FFE085A003FD6D6 /* ViewModelBased.swift */ = {isa = PBXFileReference; lastKnownFileType = sourcecode.swift; path = ViewModelBased.swift; sourceTree = "<group>"; };
		2FBD3D321FFE0B3A003FD6D6 /* RepositorySearchViewModel.swift */ = {isa = PBXFileReference; lastKnownFileType = sourcecode.swift; path = RepositorySearchViewModel.swift; sourceTree = "<group>"; };
		2FBD3D361FFE0FD5003FD6D6 /* MainFlow.swift */ = {isa = PBXFileReference; lastKnownFileType = sourcecode.swift; path = MainFlow.swift; sourceTree = "<group>"; };
		2FBD3D381FFE0FF6003FD6D6 /* AppStep.swift */ = {isa = PBXFileReference; lastKnownFileType = sourcecode.swift; path = AppStep.swift; sourceTree = "<group>"; };
		2FDDB0B91FAAEF4800CBCED3 /* NotificationsViewController.swift */ = {isa = PBXFileReference; lastKnownFileType = sourcecode.swift; path = NotificationsViewController.swift; sourceTree = "<group>"; };
		2FDDB0BE1FAAFB3700CBCED3 /* NotificationCell.swift */ = {isa = PBXFileReference; lastKnownFileType = sourcecode.swift; path = NotificationCell.swift; sourceTree = "<group>"; };
		2FDDB0BF1FAAFB3700CBCED3 /* NotificationCell.xib */ = {isa = PBXFileReference; lastKnownFileType = file.xib; path = NotificationCell.xib; sourceTree = "<group>"; };
		4582893BE03D6C68A98EDA11 /* Pods-GitHubClient_Tests.debug.xcconfig */ = {isa = PBXFileReference; includeInIndex = 1; lastKnownFileType = text.xcconfig; name = "Pods-GitHubClient_Tests.debug.xcconfig"; path = "Pods/Target Support Files/Pods-GitHubClient_Tests/Pods-GitHubClient_Tests.debug.xcconfig"; sourceTree = "<group>"; };
		51E3C22D1E017EADDC38C36C /* Pods-GitHubClient_Example.release.xcconfig */ = {isa = PBXFileReference; includeInIndex = 1; lastKnownFileType = text.xcconfig; name = "Pods-GitHubClient_Example.release.xcconfig"; path = "Pods/Target Support Files/Pods-GitHubClient_Example/Pods-GitHubClient_Example.release.xcconfig"; sourceTree = "<group>"; };
		54E0F7678E55F191F64F1B2A /* Pods-GitHubClient_Example.debug.xcconfig */ = {isa = PBXFileReference; includeInIndex = 1; lastKnownFileType = text.xcconfig; name = "Pods-GitHubClient_Example.debug.xcconfig"; path = "Pods/Target Support Files/Pods-GitHubClient_Example/Pods-GitHubClient_Example.debug.xcconfig"; sourceTree = "<group>"; };
		5D45858ED2B83436A5FCF18F /* Pods-GitHubClient_Tests.release.xcconfig */ = {isa = PBXFileReference; includeInIndex = 1; lastKnownFileType = text.xcconfig; name = "Pods-GitHubClient_Tests.release.xcconfig"; path = "Pods/Target Support Files/Pods-GitHubClient_Tests/Pods-GitHubClient_Tests.release.xcconfig"; sourceTree = "<group>"; };
		607FACD01AFB9204008FA782 /* GitHubClient_Example.app */ = {isa = PBXFileReference; explicitFileType = wrapper.application; includeInIndex = 0; path = GitHubClient_Example.app; sourceTree = BUILT_PRODUCTS_DIR; };
		607FACD41AFB9204008FA782 /* Info.plist */ = {isa = PBXFileReference; lastKnownFileType = text.plist.xml; path = Info.plist; sourceTree = "<group>"; };
		607FACDC1AFB9204008FA782 /* Images.xcassets */ = {isa = PBXFileReference; lastKnownFileType = folder.assetcatalog; path = Images.xcassets; sourceTree = "<group>"; };
		607FACDF1AFB9204008FA782 /* Base */ = {isa = PBXFileReference; lastKnownFileType = file.xib; name = Base; path = Base.lproj/LaunchScreen.xib; sourceTree = "<group>"; };
		607FACE51AFB9204008FA782 /* GitHubClient_Tests.xctest */ = {isa = PBXFileReference; explicitFileType = wrapper.cfbundle; includeInIndex = 0; path = GitHubClient_Tests.xctest; sourceTree = BUILT_PRODUCTS_DIR; };
		607FACEA1AFB9204008FA782 /* Info.plist */ = {isa = PBXFileReference; lastKnownFileType = text.plist.xml; path = Info.plist; sourceTree = "<group>"; };
		607FACEB1AFB9204008FA782 /* Tests.swift */ = {isa = PBXFileReference; lastKnownFileType = sourcecode.swift; path = Tests.swift; sourceTree = "<group>"; };
		B74DFD72A60237B34521096A /* README.md */ = {isa = PBXFileReference; includeInIndex = 1; lastKnownFileType = net.daringfireball.markdown; name = README.md; path = ../README.md; sourceTree = "<group>"; };
		D536D2C33452F879DB31BEFE /* Pods_GitHubClient_Tests.framework */ = {isa = PBXFileReference; explicitFileType = wrapper.framework; includeInIndex = 0; path = Pods_GitHubClient_Tests.framework; sourceTree = BUILT_PRODUCTS_DIR; };
		EC5709AAA4240AED0824079A /* LICENSE */ = {isa = PBXFileReference; includeInIndex = 1; lastKnownFileType = text; name = LICENSE; path = ../LICENSE; sourceTree = "<group>"; };
		FADBC4B850F7F3DEFD085C49 /* Pods_GitHubClient_Example.framework */ = {isa = PBXFileReference; explicitFileType = wrapper.framework; includeInIndex = 0; path = Pods_GitHubClient_Example.framework; sourceTree = BUILT_PRODUCTS_DIR; };
/* End PBXFileReference section */

/* Begin PBXFrameworksBuildPhase section */
		607FACCD1AFB9204008FA782 /* Frameworks */ = {
			isa = PBXFrameworksBuildPhase;
			buildActionMask = 2147483647;
			files = (
				AC90611EF9199EB2576CF361 /* Pods_GitHubClient_Example.framework in Frameworks */,
			);
			runOnlyForDeploymentPostprocessing = 0;
		};
		607FACE21AFB9204008FA782 /* Frameworks */ = {
			isa = PBXFrameworksBuildPhase;
			buildActionMask = 2147483647;
			files = (
				9672545F2E4D4ABB1C06F8FF /* Pods_GitHubClient_Tests.framework in Frameworks */,
			);
			runOnlyForDeploymentPostprocessing = 0;
		};
/* End PBXFrameworksBuildPhase section */

/* Begin PBXGroup section */
		0598A824DAF3A95C86CFEB5A /* Pods */ = {
			isa = PBXGroup;
			children = (
				54E0F7678E55F191F64F1B2A /* Pods-GitHubClient_Example.debug.xcconfig */,
				51E3C22D1E017EADDC38C36C /* Pods-GitHubClient_Example.release.xcconfig */,
				4582893BE03D6C68A98EDA11 /* Pods-GitHubClient_Tests.debug.xcconfig */,
				5D45858ED2B83436A5FCF18F /* Pods-GitHubClient_Tests.release.xcconfig */,
			);
			name = Pods;
			sourceTree = "<group>";
		};
		2F894B171FFF1921001F531E /* UserRepository */ = {
			isa = PBXGroup;
			children = (
				2F894B131FFF1735001F531E /* UserRepositoryViewController.swift */,
				2F894B151FFF1903001F531E /* UserRepositoryViewModel.swift */,
			);
			path = UserRepository;
			sourceTree = "<group>";
		};
		2FBD3D311FFE0864003FD6D6 /* Protocols */ = {
			isa = PBXGroup;
			children = (
				2FBD3D2F1FFE085A003FD6D6 /* ViewModelBased.swift */,
			);
			path = Protocols;
			sourceTree = "<group>";
		};
		2FBD3D341FFE0B40003FD6D6 /* RepositorySearch */ = {
			isa = PBXGroup;
			children = (
				2FA352251FA1C8C800D87553 /* RepositorySearchViewController.swift */,
				2FBD3D321FFE0B3A003FD6D6 /* RepositorySearchViewModel.swift */,
			);
			path = RepositorySearch;
			sourceTree = "<group>";
		};
		2FBD3D351FFE0FC4003FD6D6 /* Flows */ = {
			isa = PBXGroup;
			children = (
				2FBD3D361FFE0FD5003FD6D6 /* MainFlow.swift */,
				2FBD3D381FFE0FF6003FD6D6 /* AppStep.swift */,
			);
			path = Flows;
			sourceTree = "<group>";
		};
		2FDDB0C21FAAFB4B00CBCED3 /* Repository */ = {
			isa = PBXGroup;
			children = (
				2FA352241FA1C8C800D87553 /* RepositoryCell.swift */,
				2FA352221FA1C8C800D87553 /* RepositoryCell.xib */,
			);
			path = Repository;
			sourceTree = "<group>";
		};
		2FDDB0C31FAAFB5F00CBCED3 /* Event */ = {
			isa = PBXGroup;
			children = (
				2F47071F1FA6B40900BD9328 /* EventsViewController.swift */,
				2F12B11C1FA9AC3800FAAFB9 /* EventViewModel.swift */,
				2F3065121FA32AB0005A6E5A /* NewsCell.swift */,
				2F3065131FA32AB0005A6E5A /* NewsCell.xib */,
			);
			path = Event;
			sourceTree = "<group>";
		};
		2FDDB0C41FAAFB6900CBCED3 /* Notification */ = {
			isa = PBXGroup;
			children = (
				2FDDB0B91FAAEF4800CBCED3 /* NotificationsViewController.swift */,
				2FDDB0BE1FAAFB3700CBCED3 /* NotificationCell.swift */,
				2FDDB0BF1FAAFB3700CBCED3 /* NotificationCell.xib */,
			);
			path = Notification;
			sourceTree = "<group>";
		};
		4086905A93B33F8C9DBDC3B1 /* Frameworks */ = {
			isa = PBXGroup;
			children = (
				FADBC4B850F7F3DEFD085C49 /* Pods_GitHubClient_Example.framework */,
				D536D2C33452F879DB31BEFE /* Pods_GitHubClient_Tests.framework */,
			);
			name = Frameworks;
			sourceTree = "<group>";
		};
		607FACC71AFB9204008FA782 = {
			isa = PBXGroup;
			children = (
				607FACF51AFB993E008FA782 /* Podspec Metadata */,
				607FACD21AFB9204008FA782 /* Example for GitHubClient */,
				607FACE81AFB9204008FA782 /* Tests */,
				607FACD11AFB9204008FA782 /* Products */,
				0598A824DAF3A95C86CFEB5A /* Pods */,
				4086905A93B33F8C9DBDC3B1 /* Frameworks */,
			);
			sourceTree = "<group>";
		};
		607FACD11AFB9204008FA782 /* Products */ = {
			isa = PBXGroup;
			children = (
				607FACD01AFB9204008FA782 /* GitHubClient_Example.app */,
				607FACE51AFB9204008FA782 /* GitHubClient_Tests.xctest */,
			);
			name = Products;
			sourceTree = "<group>";
		};
		607FACD21AFB9204008FA782 /* Example for GitHubClient */ = {
			isa = PBXGroup;
			children = (
				2FBD3D311FFE0864003FD6D6 /* Protocols */,
				2FBD3D351FFE0FC4003FD6D6 /* Flows */,
				2FA3525C1FA1CB0500D87553 /* HUD.swift */,
				2FA3525A1FA1CA5F00D87553 /* DateString.swift */,
				2FA3522A1FA1C8D200D87553 /* AppDelegate.swift */,
				2FDDB0C21FAAFB4B00CBCED3 /* Repository */,
				2FBD3D341FFE0B40003FD6D6 /* RepositorySearch */,
				2FA352231FA1C8C800D87553 /* ViewController.swift */,
				2FA3522C1FA1C8E000D87553 /* Main.storyboard */,
				607FACDC1AFB9204008FA782 /* Images.xcassets */,
				607FACDE1AFB9204008FA782 /* LaunchScreen.xib */,
				607FACD31AFB9204008FA782 /* Supporting Files */,
				2FDDB0C31FAAFB5F00CBCED3 /* Event */,
				2FDDB0C41FAAFB6900CBCED3 /* Notification */,
				2FB576E01FB961390019BF56 /* Layer+Animation.swift */,
				2F182DFB1FFCB8C900414E3F /* RepositoryDetailViewController.swift */,
				2FB54BAA20036304008493F7 /* MarkDownView.swift */,
				2F894B1A1FFF52B5001F531E /* RepositoryDetailViewController.storyboard */,
				2F894B171FFF1921001F531E /* UserRepository */,
				2FB54BA820030138008493F7 /* TopicsView.swift */,
			);
			name = "Example for GitHubClient";
			path = GitHubClient;
			sourceTree = "<group>";
		};
		607FACD31AFB9204008FA782 /* Supporting Files */ = {
			isa = PBXGroup;
			children = (
				607FACD41AFB9204008FA782 /* Info.plist */,
			);
			name = "Supporting Files";
			sourceTree = "<group>";
		};
		607FACE81AFB9204008FA782 /* Tests */ = {
			isa = PBXGroup;
			children = (
				607FACEB1AFB9204008FA782 /* Tests.swift */,
				607FACE91AFB9204008FA782 /* Supporting Files */,
			);
			path = Tests;
			sourceTree = "<group>";
		};
		607FACE91AFB9204008FA782 /* Supporting Files */ = {
			isa = PBXGroup;
			children = (
				607FACEA1AFB9204008FA782 /* Info.plist */,
			);
			name = "Supporting Files";
			sourceTree = "<group>";
		};
		607FACF51AFB993E008FA782 /* Podspec Metadata */ = {
			isa = PBXGroup;
			children = (
				09306493ACF418F9E17AC3B6 /* GitHubClient.podspec */,
				B74DFD72A60237B34521096A /* README.md */,
				EC5709AAA4240AED0824079A /* LICENSE */,
			);
			name = "Podspec Metadata";
			sourceTree = "<group>";
		};
/* End PBXGroup section */

/* Begin PBXNativeTarget section */
		607FACCF1AFB9204008FA782 /* GitHubClient_Example */ = {
			isa = PBXNativeTarget;
			buildConfigurationList = 607FACEF1AFB9204008FA782 /* Build configuration list for PBXNativeTarget "GitHubClient_Example" */;
			buildPhases = (
				665DAD21E160F437469969BD /* [CP] Check Pods Manifest.lock */,
				607FACCC1AFB9204008FA782 /* Sources */,
				607FACCD1AFB9204008FA782 /* Frameworks */,
				607FACCE1AFB9204008FA782 /* Resources */,
				445BD34F5B1BEAB303C1FC54 /* [CP] Embed Pods Frameworks */,
				02DE851AD4A7523737E775E7 /* [CP] Copy Pods Resources */,
			);
			buildRules = (
			);
			dependencies = (
			);
			name = GitHubClient_Example;
			productName = GitHubClient;
			productReference = 607FACD01AFB9204008FA782 /* GitHubClient_Example.app */;
			productType = "com.apple.product-type.application";
		};
		607FACE41AFB9204008FA782 /* GitHubClient_Tests */ = {
			isa = PBXNativeTarget;
			buildConfigurationList = 607FACF21AFB9204008FA782 /* Build configuration list for PBXNativeTarget "GitHubClient_Tests" */;
			buildPhases = (
				07AD648A7042D1EC28207597 /* [CP] Check Pods Manifest.lock */,
				607FACE11AFB9204008FA782 /* Sources */,
				607FACE21AFB9204008FA782 /* Frameworks */,
				607FACE31AFB9204008FA782 /* Resources */,
				0D2A20B2CCF523A02674BD3B /* [CP] Embed Pods Frameworks */,
				A94E6AB30B816DEBC32146B9 /* [CP] Copy Pods Resources */,
			);
			buildRules = (
			);
			dependencies = (
				607FACE71AFB9204008FA782 /* PBXTargetDependency */,
			);
			name = GitHubClient_Tests;
			productName = Tests;
			productReference = 607FACE51AFB9204008FA782 /* GitHubClient_Tests.xctest */;
			productType = "com.apple.product-type.bundle.unit-test";
		};
/* End PBXNativeTarget section */

/* Begin PBXProject section */
		607FACC81AFB9204008FA782 /* Project object */ = {
			isa = PBXProject;
			attributes = {
				LastSwiftUpdateCheck = 0830;
				LastUpgradeCheck = 0830;
				ORGANIZATIONNAME = CocoaPods;
				TargetAttributes = {
					607FACCF1AFB9204008FA782 = {
						CreatedOnToolsVersion = 6.3.1;
						DevelopmentTeam = XQJ6Y5LCMF;
						LastSwiftMigration = 0900;
					};
					607FACE41AFB9204008FA782 = {
						CreatedOnToolsVersion = 6.3.1;
						DevelopmentTeam = XQJ6Y5LCMF;
						LastSwiftMigration = 0900;
						TestTargetID = 607FACCF1AFB9204008FA782;
					};
				};
			};
			buildConfigurationList = 607FACCB1AFB9204008FA782 /* Build configuration list for PBXProject "GitHubClient" */;
			compatibilityVersion = "Xcode 3.2";
			developmentRegion = English;
			hasScannedForEncodings = 0;
			knownRegions = (
				en,
				Base,
			);
			mainGroup = 607FACC71AFB9204008FA782;
			productRefGroup = 607FACD11AFB9204008FA782 /* Products */;
			projectDirPath = "";
			projectRoot = "";
			targets = (
				607FACCF1AFB9204008FA782 /* GitHubClient_Example */,
				607FACE41AFB9204008FA782 /* GitHubClient_Tests */,
			);
		};
/* End PBXProject section */

/* Begin PBXResourcesBuildPhase section */
		607FACCE1AFB9204008FA782 /* Resources */ = {
			isa = PBXResourcesBuildPhase;
			buildActionMask = 2147483647;
			files = (
				2FA352261FA1C8C800D87553 /* RepositoryCell.xib in Resources */,
				2F894B1B1FFF52B5001F531E /* RepositoryDetailViewController.storyboard in Resources */,
				607FACE01AFB9204008FA782 /* LaunchScreen.xib in Resources */,
				2FDDB0C11FAAFB3700CBCED3 /* NotificationCell.xib in Resources */,
				2F3065151FA32AB0005A6E5A /* NewsCell.xib in Resources */,
				607FACDD1AFB9204008FA782 /* Images.xcassets in Resources */,
				2FA3522D1FA1C8E000D87553 /* Main.storyboard in Resources */,
			);
			runOnlyForDeploymentPostprocessing = 0;
		};
		607FACE31AFB9204008FA782 /* Resources */ = {
			isa = PBXResourcesBuildPhase;
			buildActionMask = 2147483647;
			files = (
			);
			runOnlyForDeploymentPostprocessing = 0;
		};
/* End PBXResourcesBuildPhase section */

/* Begin PBXShellScriptBuildPhase section */
		02DE851AD4A7523737E775E7 /* [CP] Copy Pods Resources */ = {
			isa = PBXShellScriptBuildPhase;
			buildActionMask = 2147483647;
			files = (
			);
			inputPaths = (
			);
			name = "[CP] Copy Pods Resources";
			outputPaths = (
			);
			runOnlyForDeploymentPostprocessing = 0;
			shellPath = /bin/sh;
			shellScript = "\"${SRCROOT}/Pods/Target Support Files/Pods-GitHubClient_Example/Pods-GitHubClient_Example-resources.sh\"\n";
			showEnvVarsInLog = 0;
		};
		07AD648A7042D1EC28207597 /* [CP] Check Pods Manifest.lock */ = {
			isa = PBXShellScriptBuildPhase;
			buildActionMask = 2147483647;
			files = (
			);
			inputPaths = (
				"${PODS_PODFILE_DIR_PATH}/Podfile.lock",
				"${PODS_ROOT}/Manifest.lock",
			);
			name = "[CP] Check Pods Manifest.lock";
			outputPaths = (
				"$(DERIVED_FILE_DIR)/Pods-GitHubClient_Tests-checkManifestLockResult.txt",
			);
			runOnlyForDeploymentPostprocessing = 0;
			shellPath = /bin/sh;
			shellScript = "diff \"${PODS_PODFILE_DIR_PATH}/Podfile.lock\" \"${PODS_ROOT}/Manifest.lock\" > /dev/null\nif [ $? != 0 ] ; then\n    # print error to STDERR\n    echo \"error: The sandbox is not in sync with the Podfile.lock. Run 'pod install' or update your CocoaPods installation.\" >&2\n    exit 1\nfi\n# This output is used by Xcode 'outputs' to avoid re-running this script phase.\necho \"SUCCESS\" > \"${SCRIPT_OUTPUT_FILE_0}\"\n";
			showEnvVarsInLog = 0;
		};
		0D2A20B2CCF523A02674BD3B /* [CP] Embed Pods Frameworks */ = {
			isa = PBXShellScriptBuildPhase;
			buildActionMask = 2147483647;
			files = (
			);
			inputPaths = (
				"${SRCROOT}/Pods/Target Support Files/Pods-GitHubClient_Tests/Pods-GitHubClient_Tests-frameworks.sh",
				"${BUILT_PRODUCTS_DIR}/FBSnapshotTestCase/FBSnapshotTestCase.framework",
				"${BUILT_PRODUCTS_DIR}/Nimble/Nimble.framework",
				"${BUILT_PRODUCTS_DIR}/Nimble-Snapshots/Nimble_Snapshots.framework",
				"${BUILT_PRODUCTS_DIR}/Quick/Quick.framework",
			);
			name = "[CP] Embed Pods Frameworks";
			outputPaths = (
				"${TARGET_BUILD_DIR}/${FRAMEWORKS_FOLDER_PATH}/FBSnapshotTestCase.framework",
				"${TARGET_BUILD_DIR}/${FRAMEWORKS_FOLDER_PATH}/Nimble.framework",
				"${TARGET_BUILD_DIR}/${FRAMEWORKS_FOLDER_PATH}/Nimble_Snapshots.framework",
				"${TARGET_BUILD_DIR}/${FRAMEWORKS_FOLDER_PATH}/Quick.framework",
			);
			runOnlyForDeploymentPostprocessing = 0;
			shellPath = /bin/sh;
			shellScript = "\"${SRCROOT}/Pods/Target Support Files/Pods-GitHubClient_Tests/Pods-GitHubClient_Tests-frameworks.sh\"\n";
			showEnvVarsInLog = 0;
		};
		445BD34F5B1BEAB303C1FC54 /* [CP] Embed Pods Frameworks */ = {
			isa = PBXShellScriptBuildPhase;
			buildActionMask = 2147483647;
			files = (
			);
			inputPaths = (
				"${SRCROOT}/Pods/Target Support Files/Pods-GitHubClient_Example/Pods-GitHubClient_Example-frameworks.sh",
				"${BUILT_PRODUCTS_DIR}/CFNotify/CFNotify.framework",
				"${BUILT_PRODUCTS_DIR}/DynamicColor/DynamicColor.framework",
				"${BUILT_PRODUCTS_DIR}/EFCMark/EFCMark.framework",
				"${BUILT_PRODUCTS_DIR}/EFMarkdown/EFMarkdown.framework",
				"${BUILT_PRODUCTS_DIR}/GitHubClient/GitHubClient.framework",
				"${BUILT_PRODUCTS_DIR}/Kingfisher/Kingfisher.framework",
				"${BUILT_PRODUCTS_DIR}/MBProgressHUD/MBProgressHUD.framework",
				"${BUILT_PRODUCTS_DIR}/ObjcExceptionBridging/ObjcExceptionBridging.framework",
				"${BUILT_PRODUCTS_DIR}/Reusable/Reusable.framework",
				"${BUILT_PRODUCTS_DIR}/RxCocoa/RxCocoa.framework",
				"${BUILT_PRODUCTS_DIR}/RxFlow/RxFlow.framework",
				"${BUILT_PRODUCTS_DIR}/RxSwift/RxSwift.framework",
				"${BUILT_PRODUCTS_DIR}/SideMenu/SideMenu.framework",
				"${BUILT_PRODUCTS_DIR}/SnapKit/SnapKit.framework",
				"${BUILT_PRODUCTS_DIR}/SwiftyImage/SwiftyImage.framework",
				"${BUILT_PRODUCTS_DIR}/UITableView+FDTemplateLayoutCell/UITableView_FDTemplateLayoutCell.framework",
				"${BUILT_PRODUCTS_DIR}/XCGLogger/XCGLogger.framework",
			);
			name = "[CP] Embed Pods Frameworks";
			outputPaths = (
				"${TARGET_BUILD_DIR}/${FRAMEWORKS_FOLDER_PATH}/CFNotify.framework",
				"${TARGET_BUILD_DIR}/${FRAMEWORKS_FOLDER_PATH}/DynamicColor.framework",
				"${TARGET_BUILD_DIR}/${FRAMEWORKS_FOLDER_PATH}/EFCMark.framework",
				"${TARGET_BUILD_DIR}/${FRAMEWORKS_FOLDER_PATH}/EFMarkdown.framework",
				"${TARGET_BUILD_DIR}/${FRAMEWORKS_FOLDER_PATH}/GitHubClient.framework",
				"${TARGET_BUILD_DIR}/${FRAMEWORKS_FOLDER_PATH}/Kingfisher.framework",
				"${TARGET_BUILD_DIR}/${FRAMEWORKS_FOLDER_PATH}/MBProgressHUD.framework",
				"${TARGET_BUILD_DIR}/${FRAMEWORKS_FOLDER_PATH}/ObjcExceptionBridging.framework",
				"${TARGET_BUILD_DIR}/${FRAMEWORKS_FOLDER_PATH}/Reusable.framework",
				"${TARGET_BUILD_DIR}/${FRAMEWORKS_FOLDER_PATH}/RxCocoa.framework",
				"${TARGET_BUILD_DIR}/${FRAMEWORKS_FOLDER_PATH}/RxFlow.framework",
				"${TARGET_BUILD_DIR}/${FRAMEWORKS_FOLDER_PATH}/RxSwift.framework",
				"${TARGET_BUILD_DIR}/${FRAMEWORKS_FOLDER_PATH}/SideMenu.framework",
				"${TARGET_BUILD_DIR}/${FRAMEWORKS_FOLDER_PATH}/SnapKit.framework",
				"${TARGET_BUILD_DIR}/${FRAMEWORKS_FOLDER_PATH}/SwiftyImage.framework",
				"${TARGET_BUILD_DIR}/${FRAMEWORKS_FOLDER_PATH}/UITableView_FDTemplateLayoutCell.framework",
				"${TARGET_BUILD_DIR}/${FRAMEWORKS_FOLDER_PATH}/XCGLogger.framework",
			);
			runOnlyForDeploymentPostprocessing = 0;
			shellPath = /bin/sh;
			shellScript = "\"${SRCROOT}/Pods/Target Support Files/Pods-GitHubClient_Example/Pods-GitHubClient_Example-frameworks.sh\"\n";
			showEnvVarsInLog = 0;
		};
		665DAD21E160F437469969BD /* [CP] Check Pods Manifest.lock */ = {
			isa = PBXShellScriptBuildPhase;
			buildActionMask = 2147483647;
			files = (
			);
			inputPaths = (
				"${PODS_PODFILE_DIR_PATH}/Podfile.lock",
				"${PODS_ROOT}/Manifest.lock",
			);
			name = "[CP] Check Pods Manifest.lock";
			outputPaths = (
				"$(DERIVED_FILE_DIR)/Pods-GitHubClient_Example-checkManifestLockResult.txt",
			);
			runOnlyForDeploymentPostprocessing = 0;
			shellPath = /bin/sh;
			shellScript = "diff \"${PODS_PODFILE_DIR_PATH}/Podfile.lock\" \"${PODS_ROOT}/Manifest.lock\" > /dev/null\nif [ $? != 0 ] ; then\n    # print error to STDERR\n    echo \"error: The sandbox is not in sync with the Podfile.lock. Run 'pod install' or update your CocoaPods installation.\" >&2\n    exit 1\nfi\n# This output is used by Xcode 'outputs' to avoid re-running this script phase.\necho \"SUCCESS\" > \"${SCRIPT_OUTPUT_FILE_0}\"\n";
			showEnvVarsInLog = 0;
		};
		A94E6AB30B816DEBC32146B9 /* [CP] Copy Pods Resources */ = {
			isa = PBXShellScriptBuildPhase;
			buildActionMask = 2147483647;
			files = (
			);
			inputPaths = (
			);
			name = "[CP] Copy Pods Resources";
			outputPaths = (
			);
			runOnlyForDeploymentPostprocessing = 0;
			shellPath = /bin/sh;
			shellScript = "\"${SRCROOT}/Pods/Target Support Files/Pods-GitHubClient_Tests/Pods-GitHubClient_Tests-resources.sh\"\n";
			showEnvVarsInLog = 0;
		};
/* End PBXShellScriptBuildPhase section */

/* Begin PBXSourcesBuildPhase section */
		607FACCC1AFB9204008FA782 /* Sources */ = {
			isa = PBXSourcesBuildPhase;
			buildActionMask = 2147483647;
			files = (
				2FBD3D391FFE0FF6003FD6D6 /* AppStep.swift in Sources */,
				2FB576E11FB961390019BF56 /* Layer+Animation.swift in Sources */,
				2FA3522B1FA1C8D200D87553 /* AppDelegate.swift in Sources */,
				2FB54BAB20036304008493F7 /* MarkDownView.swift in Sources */,
				2FDDB0C01FAAFB3700CBCED3 /* NotificationCell.swift in Sources */,
				2F12B11D1FA9AC3800FAAFB9 /* EventViewModel.swift in Sources */,
				2FBD3D371FFE0FD5003FD6D6 /* MainFlow.swift in Sources */,
				2F182DFC1FFCB8C900414E3F /* RepositoryDetailViewController.swift in Sources */,
				2F894B141FFF1735001F531E /* UserRepositoryViewController.swift in Sources */,
				2FB54BA920030138008493F7 /* TopicsView.swift in Sources */,
				2F4707201FA6B40900BD9328 /* EventsViewController.swift in Sources */,
				2FBD3D331FFE0B3A003FD6D6 /* RepositorySearchViewModel.swift in Sources */,
				2FA3525B1FA1CA5F00D87553 /* DateString.swift in Sources */,
				2FA352271FA1C8C800D87553 /* ViewController.swift in Sources */,
				2FDDB0BA1FAAEF4800CBCED3 /* NotificationsViewController.swift in Sources */,
				2F3065141FA32AB0005A6E5A /* NewsCell.swift in Sources */,
				2FA3525D1FA1CB0500D87553 /* HUD.swift in Sources */,
				2FA352281FA1C8C800D87553 /* RepositoryCell.swift in Sources */,
				2FA352291FA1C8C800D87553 /* RepositorySearchViewController.swift in Sources */,
				2FBD3D301FFE085A003FD6D6 /* ViewModelBased.swift in Sources */,
				2F894B161FFF1903001F531E /* UserRepositoryViewModel.swift in Sources */,
			);
			runOnlyForDeploymentPostprocessing = 0;
		};
		607FACE11AFB9204008FA782 /* Sources */ = {
			isa = PBXSourcesBuildPhase;
			buildActionMask = 2147483647;
			files = (
				607FACEC1AFB9204008FA782 /* Tests.swift in Sources */,
			);
			runOnlyForDeploymentPostprocessing = 0;
		};
/* End PBXSourcesBuildPhase section */

/* Begin PBXTargetDependency section */
		607FACE71AFB9204008FA782 /* PBXTargetDependency */ = {
			isa = PBXTargetDependency;
			target = 607FACCF1AFB9204008FA782 /* GitHubClient_Example */;
			targetProxy = 607FACE61AFB9204008FA782 /* PBXContainerItemProxy */;
		};
/* End PBXTargetDependency section */

/* Begin PBXVariantGroup section */
		607FACDE1AFB9204008FA782 /* LaunchScreen.xib */ = {
			isa = PBXVariantGroup;
			children = (
				607FACDF1AFB9204008FA782 /* Base */,
			);
			name = LaunchScreen.xib;
			sourceTree = "<group>";
		};
/* End PBXVariantGroup section */

/* Begin XCBuildConfiguration section */
		607FACED1AFB9204008FA782 /* Debug */ = {
			isa = XCBuildConfiguration;
			buildSettings = {
				ALWAYS_SEARCH_USER_PATHS = NO;
				CLANG_CXX_LANGUAGE_STANDARD = "gnu++0x";
				CLANG_CXX_LIBRARY = "libc++";
				CLANG_ENABLE_MODULES = YES;
				CLANG_ENABLE_OBJC_ARC = YES;
				CLANG_WARN_BLOCK_CAPTURE_AUTORELEASING = YES;
				CLANG_WARN_BOOL_CONVERSION = YES;
				CLANG_WARN_COMMA = YES;
				CLANG_WARN_CONSTANT_CONVERSION = YES;
				CLANG_WARN_DIRECT_OBJC_ISA_USAGE = YES_ERROR;
				CLANG_WARN_EMPTY_BODY = YES;
				CLANG_WARN_ENUM_CONVERSION = YES;
				CLANG_WARN_INFINITE_RECURSION = YES;
				CLANG_WARN_INT_CONVERSION = YES;
				CLANG_WARN_NON_LITERAL_NULL_CONVERSION = YES;
				CLANG_WARN_OBJC_LITERAL_CONVERSION = YES;
				CLANG_WARN_OBJC_ROOT_CLASS = YES_ERROR;
				CLANG_WARN_RANGE_LOOP_ANALYSIS = YES;
				CLANG_WARN_STRICT_PROTOTYPES = YES;
				CLANG_WARN_SUSPICIOUS_MOVE = YES;
				CLANG_WARN_UNREACHABLE_CODE = YES;
				CLANG_WARN__DUPLICATE_METHOD_MATCH = YES;
				"CODE_SIGN_IDENTITY[sdk=iphoneos*]" = "iPhone Developer";
				COPY_PHASE_STRIP = NO;
				DEBUG_INFORMATION_FORMAT = "dwarf-with-dsym";
				ENABLE_STRICT_OBJC_MSGSEND = YES;
				ENABLE_TESTABILITY = YES;
				GCC_C_LANGUAGE_STANDARD = gnu99;
				GCC_DYNAMIC_NO_PIC = NO;
				GCC_NO_COMMON_BLOCKS = YES;
				GCC_OPTIMIZATION_LEVEL = 0;
				GCC_PREPROCESSOR_DEFINITIONS = (
					"DEBUG=1",
					"$(inherited)",
				);
				GCC_SYMBOLS_PRIVATE_EXTERN = NO;
				GCC_WARN_64_TO_32_BIT_CONVERSION = YES;
				GCC_WARN_ABOUT_RETURN_TYPE = YES_ERROR;
				GCC_WARN_UNDECLARED_SELECTOR = YES;
				GCC_WARN_UNINITIALIZED_AUTOS = YES_AGGRESSIVE;
				GCC_WARN_UNUSED_FUNCTION = YES;
				GCC_WARN_UNUSED_VARIABLE = YES;
				IPHONEOS_DEPLOYMENT_TARGET = 9.3;
				MTL_ENABLE_DEBUG_INFO = YES;
				ONLY_ACTIVE_ARCH = YES;
				SDKROOT = iphoneos;
				SWIFT_OPTIMIZATION_LEVEL = "-Onone";
			};
			name = Debug;
		};
		607FACEE1AFB9204008FA782 /* Release */ = {
			isa = XCBuildConfiguration;
			buildSettings = {
				ALWAYS_SEARCH_USER_PATHS = NO;
				CLANG_CXX_LANGUAGE_STANDARD = "gnu++0x";
				CLANG_CXX_LIBRARY = "libc++";
				CLANG_ENABLE_MODULES = YES;
				CLANG_ENABLE_OBJC_ARC = YES;
				CLANG_WARN_BLOCK_CAPTURE_AUTORELEASING = YES;
				CLANG_WARN_BOOL_CONVERSION = YES;
				CLANG_WARN_COMMA = YES;
				CLANG_WARN_CONSTANT_CONVERSION = YES;
				CLANG_WARN_DIRECT_OBJC_ISA_USAGE = YES_ERROR;
				CLANG_WARN_EMPTY_BODY = YES;
				CLANG_WARN_ENUM_CONVERSION = YES;
				CLANG_WARN_INFINITE_RECURSION = YES;
				CLANG_WARN_INT_CONVERSION = YES;
				CLANG_WARN_NON_LITERAL_NULL_CONVERSION = YES;
				CLANG_WARN_OBJC_LITERAL_CONVERSION = YES;
				CLANG_WARN_OBJC_ROOT_CLASS = YES_ERROR;
				CLANG_WARN_RANGE_LOOP_ANALYSIS = YES;
				CLANG_WARN_STRICT_PROTOTYPES = YES;
				CLANG_WARN_SUSPICIOUS_MOVE = YES;
				CLANG_WARN_UNREACHABLE_CODE = YES;
				CLANG_WARN__DUPLICATE_METHOD_MATCH = YES;
				"CODE_SIGN_IDENTITY[sdk=iphoneos*]" = "iPhone Developer";
				COPY_PHASE_STRIP = NO;
				DEBUG_INFORMATION_FORMAT = "dwarf-with-dsym";
				ENABLE_NS_ASSERTIONS = NO;
				ENABLE_STRICT_OBJC_MSGSEND = YES;
				GCC_C_LANGUAGE_STANDARD = gnu99;
				GCC_NO_COMMON_BLOCKS = YES;
				GCC_WARN_64_TO_32_BIT_CONVERSION = YES;
				GCC_WARN_ABOUT_RETURN_TYPE = YES_ERROR;
				GCC_WARN_UNDECLARED_SELECTOR = YES;
				GCC_WARN_UNINITIALIZED_AUTOS = YES_AGGRESSIVE;
				GCC_WARN_UNUSED_FUNCTION = YES;
				GCC_WARN_UNUSED_VARIABLE = YES;
				IPHONEOS_DEPLOYMENT_TARGET = 9.3;
				MTL_ENABLE_DEBUG_INFO = NO;
				SDKROOT = iphoneos;
				SWIFT_OPTIMIZATION_LEVEL = "-Owholemodule";
				VALIDATE_PRODUCT = YES;
			};
			name = Release;
		};
		607FACF01AFB9204008FA782 /* Debug */ = {
			isa = XCBuildConfiguration;
			baseConfigurationReference = 54E0F7678E55F191F64F1B2A /* Pods-GitHubClient_Example.debug.xcconfig */;
			buildSettings = {
				ASSETCATALOG_COMPILER_APPICON_NAME = AppIcon;
				CLANG_ENABLE_MODULES = YES;
				DEVELOPMENT_TEAM = XQJ6Y5LCMF;
				INFOPLIST_FILE = GitHubClient/Info.plist;
				LD_RUNPATH_SEARCH_PATHS = "$(inherited) @executable_path/Frameworks";
				MODULE_NAME = ExampleApp;
				PRODUCT_BUNDLE_IDENTIFIER = "org.cocoapods.demo.$(PRODUCT_NAME:rfc1034identifier)";
				PRODUCT_NAME = "$(TARGET_NAME)";
				SWIFT_OPTIMIZATION_LEVEL = "-Onone";
				SWIFT_SWIFT3_OBJC_INFERENCE = Default;
				SWIFT_VERSION = 4.0;
			};
			name = Debug;
		};
		607FACF11AFB9204008FA782 /* Release */ = {
			isa = XCBuildConfiguration;
			baseConfigurationReference = 51E3C22D1E017EADDC38C36C /* Pods-GitHubClient_Example.release.xcconfig */;
			buildSettings = {
				ASSETCATALOG_COMPILER_APPICON_NAME = AppIcon;
				CLANG_ENABLE_MODULES = YES;
				DEVELOPMENT_TEAM = XQJ6Y5LCMF;
				INFOPLIST_FILE = GitHubClient/Info.plist;
				LD_RUNPATH_SEARCH_PATHS = "$(inherited) @executable_path/Frameworks";
				MODULE_NAME = ExampleApp;
				PRODUCT_BUNDLE_IDENTIFIER = "org.cocoapods.demo.$(PRODUCT_NAME:rfc1034identifier)";
				PRODUCT_NAME = "$(TARGET_NAME)";
				SWIFT_SWIFT3_OBJC_INFERENCE = Default;
				SWIFT_VERSION = 4.0;
			};
			name = Release;
		};
		607FACF31AFB9204008FA782 /* Debug */ = {
			isa = XCBuildConfiguration;
			baseConfigurationReference = 4582893BE03D6C68A98EDA11 /* Pods-GitHubClient_Tests.debug.xcconfig */;
			buildSettings = {
				ALWAYS_EMBED_SWIFT_STANDARD_LIBRARIES = YES;
				DEVELOPMENT_TEAM = XQJ6Y5LCMF;
				FRAMEWORK_SEARCH_PATHS = (
					"$(SDKROOT)/Developer/Library/Frameworks",
					"$(inherited)",
				);
				GCC_PREPROCESSOR_DEFINITIONS = (
					"DEBUG=1",
					"$(inherited)",
				);
				INFOPLIST_FILE = Tests/Info.plist;
				LD_RUNPATH_SEARCH_PATHS = "$(inherited) @executable_path/Frameworks @loader_path/Frameworks";
				PRODUCT_BUNDLE_IDENTIFIER = "org.cocoapods.$(PRODUCT_NAME:rfc1034identifier)";
				PRODUCT_NAME = "$(TARGET_NAME)";
				SWIFT_SWIFT3_OBJC_INFERENCE = Default;
				SWIFT_VERSION = 4.0;
			};
			name = Debug;
		};
		607FACF41AFB9204008FA782 /* Release */ = {
			isa = XCBuildConfiguration;
			baseConfigurationReference = 5D45858ED2B83436A5FCF18F /* Pods-GitHubClient_Tests.release.xcconfig */;
			buildSettings = {
				ALWAYS_EMBED_SWIFT_STANDARD_LIBRARIES = YES;
				DEVELOPMENT_TEAM = XQJ6Y5LCMF;
				FRAMEWORK_SEARCH_PATHS = (
					"$(SDKROOT)/Developer/Library/Frameworks",
					"$(inherited)",
				);
				INFOPLIST_FILE = Tests/Info.plist;
				LD_RUNPATH_SEARCH_PATHS = "$(inherited) @executable_path/Frameworks @loader_path/Frameworks";
				PRODUCT_BUNDLE_IDENTIFIER = "org.cocoapods.$(PRODUCT_NAME:rfc1034identifier)";
				PRODUCT_NAME = "$(TARGET_NAME)";
				SWIFT_SWIFT3_OBJC_INFERENCE = Default;
				SWIFT_VERSION = 4.0;
			};
			name = Release;
		};
/* End XCBuildConfiguration section */

/* Begin XCConfigurationList section */
		607FACCB1AFB9204008FA782 /* Build configuration list for PBXProject "GitHubClient" */ = {
			isa = XCConfigurationList;
			buildConfigurations = (
				607FACED1AFB9204008FA782 /* Debug */,
				607FACEE1AFB9204008FA782 /* Release */,
			);
			defaultConfigurationIsVisible = 0;
			defaultConfigurationName = Release;
		};
		607FACEF1AFB9204008FA782 /* Build configuration list for PBXNativeTarget "GitHubClient_Example" */ = {
			isa = XCConfigurationList;
			buildConfigurations = (
				607FACF01AFB9204008FA782 /* Debug */,
				607FACF11AFB9204008FA782 /* Release */,
			);
			defaultConfigurationIsVisible = 0;
			defaultConfigurationName = Release;
		};
		607FACF21AFB9204008FA782 /* Build configuration list for PBXNativeTarget "GitHubClient_Tests" */ = {
			isa = XCConfigurationList;
			buildConfigurations = (
				607FACF31AFB9204008FA782 /* Debug */,
				607FACF41AFB9204008FA782 /* Release */,
			);
			defaultConfigurationIsVisible = 0;
			defaultConfigurationName = Release;
		};
/* End XCConfigurationList section */
	};
	rootObject = 607FACC81AFB9204008FA782 /* Project object */;
}
