// !$*UTF8*$!
{
	archiveVersion = 1;
	classes = {
	};
	objectVersion = 46;
	objects = {

/* Begin PBXBuildFile section */
		2F00FEA3200DE65E00B6D4D2 /* RepositoryListViewController.storyboard in Resources */ = {isa = PBXBuildFile; fileRef = 2F00FEA2200DE65E00B6D4D2 /* RepositoryListViewController.storyboard */; };
		2F0ACA5920107BAD00AFE403 /* iconfont.ttf in Resources */ = {isa = PBXBuildFile; fileRef = 2F0ACA5820107BAD00AFE403 /* iconfont.ttf */; };
		2F0ACA5B2010868E00AFE403 /* IssueDetailViewController.swift in Sources */ = {isa = PBXBuildFile; fileRef = 2F0ACA5A2010868E00AFE403 /* IssueDetailViewController.swift */; };
		2F0ACA5D201086A600AFE403 /* IssueDetailViewController.storyboard in Resources */ = {isa = PBXBuildFile; fileRef = 2F0ACA5C201086A600AFE403 /* IssueDetailViewController.storyboard */; };
		2F0ACA61201086D200AFE403 /* IssueDetailViewModel.swift in Sources */ = {isa = PBXBuildFile; fileRef = 2F0ACA60201086D200AFE403 /* IssueDetailViewModel.swift */; };
		2F12B11D1FA9AC3800FAAFB9 /* EventViewModel.swift in Sources */ = {isa = PBXBuildFile; fileRef = 2F12B11C1FA9AC3800FAAFB9 /* EventViewModel.swift */; };
		2F182DFC1FFCB8C900414E3F /* RepositoryDetailViewController.swift in Sources */ = {isa = PBXBuildFile; fileRef = 2F182DFB1FFCB8C900414E3F /* RepositoryDetailViewController.swift */; };
		2F2EF0F220103BB500F16F33 /* NotificationListViewModel.swift in Sources */ = {isa = PBXBuildFile; fileRef = 2F2EF0F120103BB500F16F33 /* NotificationListViewModel.swift */; };
		2F2EF0F42010448B00F16F33 /* NotificationListViewController.storyboard in Resources */ = {isa = PBXBuildFile; fileRef = 2F2EF0F32010448B00F16F33 /* NotificationListViewController.storyboard */; };
		2F2EF0F62010473200F16F33 /* IssueTagView.swift in Sources */ = {isa = PBXBuildFile; fileRef = 2F2EF0F52010473200F16F33 /* IssueTagView.swift */; };
		2F300143200C7477000B2CBF /* NSMutableAttributedString+.swift in Sources */ = {isa = PBXBuildFile; fileRef = 2F300142200C7477000B2CBF /* NSMutableAttributedString+.swift */; };
		2F300145200C87D2000B2CBF /* UserDetailViewController.swift in Sources */ = {isa = PBXBuildFile; fileRef = 2F300144200C87D2000B2CBF /* UserDetailViewController.swift */; };
		2F300147200C87EB000B2CBF /* UserDetailViewController.storyboard in Resources */ = {isa = PBXBuildFile; fileRef = 2F300146200C87EB000B2CBF /* UserDetailViewController.storyboard */; };
		2F30014A200C8876000B2CBF /* UserDetailViewModel.swift in Sources */ = {isa = PBXBuildFile; fileRef = 2F300149200C8876000B2CBF /* UserDetailViewModel.swift */; };
		2F3065141FA32AB0005A6E5A /* EventCell.swift in Sources */ = {isa = PBXBuildFile; fileRef = 2F3065121FA32AB0005A6E5A /* EventCell.swift */; };
		2F3065151FA32AB0005A6E5A /* EventCell.xib in Resources */ = {isa = PBXBuildFile; fileRef = 2F3065131FA32AB0005A6E5A /* EventCell.xib */; };
		2F38F8B720059AE200B27958 /* vendor.js in Resources */ = {isa = PBXBuildFile; fileRef = 2F38F8B320059AE100B27958 /* vendor.js */; };
		2F38F8B820059AE200B27958 /* index.html in Resources */ = {isa = PBXBuildFile; fileRef = 2F38F8B420059AE200B27958 /* index.html */; };
		2F38F8B920059AE200B27958 /* main.css in Resources */ = {isa = PBXBuildFile; fileRef = 2F38F8B520059AE200B27958 /* main.css */; };
		2F38F8BA20059AE200B27958 /* main.js in Resources */ = {isa = PBXBuildFile; fileRef = 2F38F8B620059AE200B27958 /* main.js */; };
		2F38F8BD2005C03A00B27958 /* LanguageBar.swift in Sources */ = {isa = PBXBuildFile; fileRef = 2F38F8BC2005C03A00B27958 /* LanguageBar.swift */; };
		2F38F8C12005FBB200B27958 /* RepositoryDetailViewModel.swift in Sources */ = {isa = PBXBuildFile; fileRef = 2F38F8C02005FBB200B27958 /* RepositoryDetailViewModel.swift */; };
		2F4707201FA6B40900BD9328 /* EventListViewController.swift in Sources */ = {isa = PBXBuildFile; fileRef = 2F47071F1FA6B40900BD9328 /* EventListViewController.swift */; };
		2F528BE82015CA46006D6785 /* EventListViewModel.swift in Sources */ = {isa = PBXBuildFile; fileRef = 2F528BE72015CA46006D6785 /* EventListViewModel.swift */; };
		2F628117200F19FE00493141 /* DropDownMenu.swift in Sources */ = {isa = PBXBuildFile; fileRef = 2F628116200F19FE00493141 /* DropDownMenu.swift */; };
		2F7D3E5B2022BAC100F4BD0F /* IssueCommontCell.swift in Sources */ = {isa = PBXBuildFile; fileRef = 2F7D3E592022BAC100F4BD0F /* IssueCommontCell.swift */; };
		2F7D3E5C2022BAC100F4BD0F /* IssueCommontCell.xib in Resources */ = {isa = PBXBuildFile; fileRef = 2F7D3E5A2022BAC100F4BD0F /* IssueCommontCell.xib */; };
		2F7D3E622022E71D00F4BD0F /* comment.html in Resources */ = {isa = PBXBuildFile; fileRef = 2F7D3E5E2022E71D00F4BD0F /* comment.html */; };
		2F8725942008836900B5125E /* BorderView.swift in Sources */ = {isa = PBXBuildFile; fileRef = 2F8725932008836900B5125E /* BorderView.swift */; };
		2F894B141FFF1735001F531E /* RepositoryListViewController.swift in Sources */ = {isa = PBXBuildFile; fileRef = 2F894B131FFF1735001F531E /* RepositoryListViewController.swift */; };
		2F894B161FFF1903001F531E /* RepositoryListViewModel.swift in Sources */ = {isa = PBXBuildFile; fileRef = 2F894B151FFF1903001F531E /* RepositoryListViewModel.swift */; };
		2F894B1B1FFF52B5001F531E /* RepositoryDetailViewController.storyboard in Resources */ = {isa = PBXBuildFile; fileRef = 2F894B1A1FFF52B5001F531E /* RepositoryDetailViewController.storyboard */; };
		2F9A979B2021906700C7C86B /* UIViewExtensions.swift in Sources */ = {isa = PBXBuildFile; fileRef = 2F9A979A2021906700C7C86B /* UIViewExtensions.swift */; };
		2FA352261FA1C8C800D87553 /* RepositoryCell.xib in Resources */ = {isa = PBXBuildFile; fileRef = 2FA352221FA1C8C800D87553 /* RepositoryCell.xib */; };
		2FA352271FA1C8C800D87553 /* ViewController.swift in Sources */ = {isa = PBXBuildFile; fileRef = 2FA352231FA1C8C800D87553 /* ViewController.swift */; };
		2FA352281FA1C8C800D87553 /* RepositoryCell.swift in Sources */ = {isa = PBXBuildFile; fileRef = 2FA352241FA1C8C800D87553 /* RepositoryCell.swift */; };
		2FA352291FA1C8C800D87553 /* RepositorySearchViewController.swift in Sources */ = {isa = PBXBuildFile; fileRef = 2FA352251FA1C8C800D87553 /* RepositorySearchViewController.swift */; };
		2FA3522B1FA1C8D200D87553 /* AppDelegate.swift in Sources */ = {isa = PBXBuildFile; fileRef = 2FA3522A1FA1C8D200D87553 /* AppDelegate.swift */; };
		2FA3522D1FA1C8E000D87553 /* Main.storyboard in Resources */ = {isa = PBXBuildFile; fileRef = 2FA3522C1FA1C8E000D87553 /* Main.storyboard */; };
		2FA3525B1FA1CA5F00D87553 /* DateString.swift in Sources */ = {isa = PBXBuildFile; fileRef = 2FA3525A1FA1CA5F00D87553 /* DateString.swift */; };
		2FA3525D1FA1CB0500D87553 /* HUD.swift in Sources */ = {isa = PBXBuildFile; fileRef = 2FA3525C1FA1CB0500D87553 /* HUD.swift */; };
		2FB54BA920030138008493F7 /* TopicsView.swift in Sources */ = {isa = PBXBuildFile; fileRef = 2FB54BA820030138008493F7 /* TopicsView.swift */; };
		2FB54BAB20036304008493F7 /* ReadMeView.swift in Sources */ = {isa = PBXBuildFile; fileRef = 2FB54BAA20036304008493F7 /* ReadMeView.swift */; };
		2FB576E11FB961390019BF56 /* Layer+Animation.swift in Sources */ = {isa = PBXBuildFile; fileRef = 2FB576E01FB961390019BF56 /* Layer+Animation.swift */; };
		2FBA6CEF201029D4008B9060 /* EventListViewController.storyboard in Resources */ = {isa = PBXBuildFile; fileRef = 2FBA6CEE201029D4008B9060 /* EventListViewController.storyboard */; };
		2FBA6CF2201032F7008B9060 /* IssueListViewController.storyboard in Resources */ = {isa = PBXBuildFile; fileRef = 2FBA6CF1201032F7008B9060 /* IssueListViewController.storyboard */; };
		2FBA6CF420103383008B9060 /* IssueListViewController.swift in Sources */ = {isa = PBXBuildFile; fileRef = 2FBA6CF320103383008B9060 /* IssueListViewController.swift */; };
		2FBA6CF62010358D008B9060 /* IssueListViewModel.swift in Sources */ = {isa = PBXBuildFile; fileRef = 2FBA6CF52010358D008B9060 /* IssueListViewModel.swift */; };
		2FBC7CB92011CA31006638BF /* IssueCell.swift in Sources */ = {isa = PBXBuildFile; fileRef = 2FBC7CB72011CA31006638BF /* IssueCell.swift */; };
		2FBC7CBA2011CA31006638BF /* IssueCell.xib in Resources */ = {isa = PBXBuildFile; fileRef = 2FBC7CB82011CA31006638BF /* IssueCell.xib */; };
		2FBD3D301FFE085A003FD6D6 /* ViewModelBased.swift in Sources */ = {isa = PBXBuildFile; fileRef = 2FBD3D2F1FFE085A003FD6D6 /* ViewModelBased.swift */; };
		2FBD3D331FFE0B3A003FD6D6 /* RepositorySearchViewModel.swift in Sources */ = {isa = PBXBuildFile; fileRef = 2FBD3D321FFE0B3A003FD6D6 /* RepositorySearchViewModel.swift */; };
		2FC336A12019A9860090CC2B /* ViewController.storyboard in Resources */ = {isa = PBXBuildFile; fileRef = 2FC336A02019A9860090CC2B /* ViewController.storyboard */; };
		2FC336A32019A9C70090CC2B /* RepositorySearchViewController.storyboard in Resources */ = {isa = PBXBuildFile; fileRef = 2FC336A22019A9C70090CC2B /* RepositorySearchViewController.storyboard */; };
		2FD577002004B6C500C93DDF /* ControlButton.swift in Sources */ = {isa = PBXBuildFile; fileRef = 2FD576FF2004B6C400C93DDF /* ControlButton.swift */; };
		2FD577022004BA2400C93DDF /* VerticalAlignmentLabel.swift in Sources */ = {isa = PBXBuildFile; fileRef = 2FD577012004BA2400C93DDF /* VerticalAlignmentLabel.swift */; };
		2FDDB0BA1FAAEF4800CBCED3 /* NotificationListViewController.swift in Sources */ = {isa = PBXBuildFile; fileRef = 2FDDB0B91FAAEF4800CBCED3 /* NotificationListViewController.swift */; };
		2FDDB0C01FAAFB3700CBCED3 /* NotificationCell.swift in Sources */ = {isa = PBXBuildFile; fileRef = 2FDDB0BE1FAAFB3700CBCED3 /* NotificationCell.swift */; };
		2FDDB0C11FAAFB3700CBCED3 /* NotificationCell.xib in Resources */ = {isa = PBXBuildFile; fileRef = 2FDDB0BF1FAAFB3700CBCED3 /* NotificationCell.xib */; };
		607FACDD1AFB9204008FA782 /* Images.xcassets in Resources */ = {isa = PBXBuildFile; fileRef = 607FACDC1AFB9204008FA782 /* Images.xcassets */; };
		607FACE01AFB9204008FA782 /* LaunchScreen.xib in Resources */ = {isa = PBXBuildFile; fileRef = 607FACDE1AFB9204008FA782 /* LaunchScreen.xib */; };
		607FACEC1AFB9204008FA782 /* Tests.swift in Sources */ = {isa = PBXBuildFile; fileRef = 607FACEB1AFB9204008FA782 /* Tests.swift */; };
		9672545F2E4D4ABB1C06F8FF /* Pods_GitHubClient_Tests.framework in Frameworks */ = {isa = PBXBuildFile; fileRef = D536D2C33452F879DB31BEFE /* Pods_GitHubClient_Tests.framework */; };
		AC90611EF9199EB2576CF361 /* Pods_GitHubClient_Example.framework in Frameworks */ = {isa = PBXBuildFile; fileRef = FADBC4B850F7F3DEFD085C49 /* Pods_GitHubClient_Example.framework */; };
		B092415D202053A500EBE7FC /* UIConsts.swift in Sources */ = {isa = PBXBuildFile; fileRef = B092415C202053A500EBE7FC /* UIConsts.swift */; };
		B0A9A8662006323500F3CD27 /* Log.swift in Sources */ = {isa = PBXBuildFile; fileRef = B0A9A8652006323500F3CD27 /* Log.swift */; };
/* End PBXBuildFile section */

/* Begin PBXContainerItemProxy section */
		607FACE61AFB9204008FA782 /* PBXContainerItemProxy */ = {
			isa = PBXContainerItemProxy;
			containerPortal = 607FACC81AFB9204008FA782 /* Project object */;
			proxyType = 1;
			remoteGlobalIDString = 607FACCF1AFB9204008FA782;
			remoteInfo = GitHubClient;
		};
/* End PBXContainerItemProxy section */

/* Begin PBXFileReference section */
		09306493ACF418F9E17AC3B6 /* GitHubClient.podspec */ = {isa = PBXFileReference; includeInIndex = 1; lastKnownFileType = text; name = GitHubClient.podspec; path = ../GitHubClient.podspec; sourceTree = "<group>"; };
		2F00FEA2200DE65E00B6D4D2 /* RepositoryListViewController.storyboard */ = {isa = PBXFileReference; lastKnownFileType = file.storyboard; path = RepositoryListViewController.storyboard; sourceTree = "<group>"; };
		2F0ACA5820107BAD00AFE403 /* iconfont.ttf */ = {isa = PBXFileReference; lastKnownFileType = file; path = iconfont.ttf; sourceTree = "<group>"; };
		2F0ACA5A2010868E00AFE403 /* IssueDetailViewController.swift */ = {isa = PBXFileReference; lastKnownFileType = sourcecode.swift; path = IssueDetailViewController.swift; sourceTree = "<group>"; };
		2F0ACA5C201086A600AFE403 /* IssueDetailViewController.storyboard */ = {isa = PBXFileReference; lastKnownFileType = file.storyboard; path = IssueDetailViewController.storyboard; sourceTree = "<group>"; };
		2F0ACA60201086D200AFE403 /* IssueDetailViewModel.swift */ = {isa = PBXFileReference; lastKnownFileType = sourcecode.swift; path = IssueDetailViewModel.swift; sourceTree = "<group>"; };
		2F12B11C1FA9AC3800FAAFB9 /* EventViewModel.swift */ = {isa = PBXFileReference; lastKnownFileType = sourcecode.swift; path = EventViewModel.swift; sourceTree = "<group>"; };
		2F182DFB1FFCB8C900414E3F /* RepositoryDetailViewController.swift */ = {isa = PBXFileReference; lastKnownFileType = sourcecode.swift; path = RepositoryDetailViewController.swift; sourceTree = "<group>"; };
		2F2EF0F120103BB500F16F33 /* NotificationListViewModel.swift */ = {isa = PBXFileReference; lastKnownFileType = sourcecode.swift; path = NotificationListViewModel.swift; sourceTree = "<group>"; };
		2F2EF0F32010448B00F16F33 /* NotificationListViewController.storyboard */ = {isa = PBXFileReference; lastKnownFileType = file.storyboard; path = NotificationListViewController.storyboard; sourceTree = "<group>"; };
		2F2EF0F52010473200F16F33 /* IssueTagView.swift */ = {isa = PBXFileReference; lastKnownFileType = sourcecode.swift; path = IssueTagView.swift; sourceTree = "<group>"; };
		2F300142200C7477000B2CBF /* NSMutableAttributedString+.swift */ = {isa = PBXFileReference; lastKnownFileType = sourcecode.swift; path = "NSMutableAttributedString+.swift"; sourceTree = "<group>"; };
		2F300144200C87D2000B2CBF /* UserDetailViewController.swift */ = {isa = PBXFileReference; lastKnownFileType = sourcecode.swift; path = UserDetailViewController.swift; sourceTree = "<group>"; };
		2F300146200C87EB000B2CBF /* UserDetailViewController.storyboard */ = {isa = PBXFileReference; lastKnownFileType = file.storyboard; path = UserDetailViewController.storyboard; sourceTree = "<group>"; };
		2F300149200C8876000B2CBF /* UserDetailViewModel.swift */ = {isa = PBXFileReference; lastKnownFileType = sourcecode.swift; path = UserDetailViewModel.swift; sourceTree = "<group>"; };
		2F3065121FA32AB0005A6E5A /* EventCell.swift */ = {isa = PBXFileReference; lastKnownFileType = sourcecode.swift; path = EventCell.swift; sourceTree = "<group>"; };
		2F3065131FA32AB0005A6E5A /* EventCell.xib */ = {isa = PBXFileReference; lastKnownFileType = file.xib; path = EventCell.xib; sourceTree = "<group>"; };
		2F38F8B320059AE100B27958 /* vendor.js */ = {isa = PBXFileReference; fileEncoding = 4; lastKnownFileType = sourcecode.javascript; path = vendor.js; sourceTree = "<group>"; };
		2F38F8B420059AE200B27958 /* index.html */ = {isa = PBXFileReference; fileEncoding = 4; lastKnownFileType = text.html; path = index.html; sourceTree = "<group>"; };
		2F38F8B520059AE200B27958 /* main.css */ = {isa = PBXFileReference; fileEncoding = 4; lastKnownFileType = text.css; path = main.css; sourceTree = "<group>"; };
		2F38F8B620059AE200B27958 /* main.js */ = {isa = PBXFileReference; fileEncoding = 4; lastKnownFileType = sourcecode.javascript; path = main.js; sourceTree = "<group>"; };
		2F38F8BC2005C03A00B27958 /* LanguageBar.swift */ = {isa = PBXFileReference; lastKnownFileType = sourcecode.swift; path = LanguageBar.swift; sourceTree = "<group>"; };
		2F38F8C02005FBB200B27958 /* RepositoryDetailViewModel.swift */ = {isa = PBXFileReference; lastKnownFileType = sourcecode.swift; path = RepositoryDetailViewModel.swift; sourceTree = "<group>"; };
		2F47071F1FA6B40900BD9328 /* EventListViewController.swift */ = {isa = PBXFileReference; lastKnownFileType = sourcecode.swift; path = EventListViewController.swift; sourceTree = "<group>"; };
		2F528BE72015CA46006D6785 /* EventListViewModel.swift */ = {isa = PBXFileReference; lastKnownFileType = sourcecode.swift; path = EventListViewModel.swift; sourceTree = "<group>"; };
		2F628116200F19FE00493141 /* DropDownMenu.swift */ = {isa = PBXFileReference; lastKnownFileType = sourcecode.swift; path = DropDownMenu.swift; sourceTree = "<group>"; };
		2F7D3E592022BAC100F4BD0F /* IssueCommontCell.swift */ = {isa = PBXFileReference; lastKnownFileType = sourcecode.swift; path = IssueCommontCell.swift; sourceTree = "<group>"; };
		2F7D3E5A2022BAC100F4BD0F /* IssueCommontCell.xib */ = {isa = PBXFileReference; lastKnownFileType = file.xib; path = IssueCommontCell.xib; sourceTree = "<group>"; };
		2F7D3E5E2022E71D00F4BD0F /* comment.html */ = {isa = PBXFileReference; fileEncoding = 4; lastKnownFileType = text.html; path = comment.html; sourceTree = "<group>"; };
		2F8725932008836900B5125E /* BorderView.swift */ = {isa = PBXFileReference; lastKnownFileType = sourcecode.swift; path = BorderView.swift; sourceTree = "<group>"; };
		2F894B131FFF1735001F531E /* RepositoryListViewController.swift */ = {isa = PBXFileReference; lastKnownFileType = sourcecode.swift; path = RepositoryListViewController.swift; sourceTree = "<group>"; };
		2F894B151FFF1903001F531E /* RepositoryListViewModel.swift */ = {isa = PBXFileReference; lastKnownFileType = sourcecode.swift; path = RepositoryListViewModel.swift; sourceTree = "<group>"; };
		2F894B1A1FFF52B5001F531E /* RepositoryDetailViewController.storyboard */ = {isa = PBXFileReference; lastKnownFileType = file.storyboard; path = RepositoryDetailViewController.storyboard; sourceTree = "<group>"; };
		2F9A979A2021906700C7C86B /* UIViewExtensions.swift */ = {isa = PBXFileReference; fileEncoding = 4; lastKnownFileType = sourcecode.swift; path = UIViewExtensions.swift; sourceTree = "<group>"; };
		2FA352221FA1C8C800D87553 /* RepositoryCell.xib */ = {isa = PBXFileReference; fileEncoding = 4; lastKnownFileType = file.xib; path = RepositoryCell.xib; sourceTree = "<group>"; };
		2FA352231FA1C8C800D87553 /* ViewController.swift */ = {isa = PBXFileReference; fileEncoding = 4; lastKnownFileType = sourcecode.swift; path = ViewController.swift; sourceTree = "<group>"; };
		2FA352241FA1C8C800D87553 /* RepositoryCell.swift */ = {isa = PBXFileReference; fileEncoding = 4; lastKnownFileType = sourcecode.swift; path = RepositoryCell.swift; sourceTree = "<group>"; };
		2FA352251FA1C8C800D87553 /* RepositorySearchViewController.swift */ = {isa = PBXFileReference; fileEncoding = 4; lastKnownFileType = sourcecode.swift; path = RepositorySearchViewController.swift; sourceTree = "<group>"; };
		2FA3522A1FA1C8D200D87553 /* AppDelegate.swift */ = {isa = PBXFileReference; fileEncoding = 4; lastKnownFileType = sourcecode.swift; path = AppDelegate.swift; sourceTree = "<group>"; };
		2FA3522C1FA1C8E000D87553 /* Main.storyboard */ = {isa = PBXFileReference; fileEncoding = 4; lastKnownFileType = file.storyboard; path = Main.storyboard; sourceTree = "<group>"; };
		2FA3525A1FA1CA5F00D87553 /* DateString.swift */ = {isa = PBXFileReference; fileEncoding = 4; lastKnownFileType = sourcecode.swift; path = DateString.swift; sourceTree = "<group>"; };
		2FA3525C1FA1CB0500D87553 /* HUD.swift */ = {isa = PBXFileReference; fileEncoding = 4; lastKnownFileType = sourcecode.swift; path = HUD.swift; sourceTree = "<group>"; };
		2FB54BA820030138008493F7 /* TopicsView.swift */ = {isa = PBXFileReference; lastKnownFileType = sourcecode.swift; path = TopicsView.swift; sourceTree = "<group>"; };
		2FB54BAA20036304008493F7 /* ReadMeView.swift */ = {isa = PBXFileReference; lastKnownFileType = sourcecode.swift; path = ReadMeView.swift; sourceTree = "<group>"; };
		2FB576E01FB961390019BF56 /* Layer+Animation.swift */ = {isa = PBXFileReference; lastKnownFileType = sourcecode.swift; path = "Layer+Animation.swift"; sourceTree = "<group>"; };
		2FBA6CEE201029D4008B9060 /* EventListViewController.storyboard */ = {isa = PBXFileReference; lastKnownFileType = file.storyboard; path = EventListViewController.storyboard; sourceTree = "<group>"; };
		2FBA6CF1201032F7008B9060 /* IssueListViewController.storyboard */ = {isa = PBXFileReference; lastKnownFileType = file.storyboard; path = IssueListViewController.storyboard; sourceTree = "<group>"; };
		2FBA6CF320103383008B9060 /* IssueListViewController.swift */ = {isa = PBXFileReference; lastKnownFileType = sourcecode.swift; path = IssueListViewController.swift; sourceTree = "<group>"; };
		2FBA6CF52010358D008B9060 /* IssueListViewModel.swift */ = {isa = PBXFileReference; lastKnownFileType = sourcecode.swift; path = IssueListViewModel.swift; sourceTree = "<group>"; };
		2FBC7CB72011CA31006638BF /* IssueCell.swift */ = {isa = PBXFileReference; lastKnownFileType = sourcecode.swift; path = IssueCell.swift; sourceTree = "<group>"; };
		2FBC7CB82011CA31006638BF /* IssueCell.xib */ = {isa = PBXFileReference; lastKnownFileType = file.xib; path = IssueCell.xib; sourceTree = "<group>"; };
		2FBD3D2F1FFE085A003FD6D6 /* ViewModelBased.swift */ = {isa = PBXFileReference; lastKnownFileType = sourcecode.swift; path = ViewModelBased.swift; sourceTree = "<group>"; };
		2FBD3D321FFE0B3A003FD6D6 /* RepositorySearchViewModel.swift */ = {isa = PBXFileReference; lastKnownFileType = sourcecode.swift; path = RepositorySearchViewModel.swift; sourceTree = "<group>"; };
		2FC3369E2019A6860090CC2B /* .swiftlint.yml */ = {isa = PBXFileReference; fileEncoding = 4; lastKnownFileType = text; path = .swiftlint.yml; sourceTree = "<group>"; };
		2FC336A02019A9860090CC2B /* ViewController.storyboard */ = {isa = PBXFileReference; lastKnownFileType = file.storyboard; path = ViewController.storyboard; sourceTree = "<group>"; };
		2FC336A22019A9C70090CC2B /* RepositorySearchViewController.storyboard */ = {isa = PBXFileReference; lastKnownFileType = file.storyboard; path = RepositorySearchViewController.storyboard; sourceTree = "<group>"; };
		2FD576FF2004B6C400C93DDF /* ControlButton.swift */ = {isa = PBXFileReference; lastKnownFileType = sourcecode.swift; path = ControlButton.swift; sourceTree = "<group>"; };
		2FD577012004BA2400C93DDF /* VerticalAlignmentLabel.swift */ = {isa = PBXFileReference; lastKnownFileType = sourcecode.swift; path = VerticalAlignmentLabel.swift; sourceTree = "<group>"; };
		2FDDB0B91FAAEF4800CBCED3 /* NotificationListViewController.swift */ = {isa = PBXFileReference; lastKnownFileType = sourcecode.swift; path = NotificationListViewController.swift; sourceTree = "<group>"; };
		2FDDB0BE1FAAFB3700CBCED3 /* NotificationCell.swift */ = {isa = PBXFileReference; lastKnownFileType = sourcecode.swift; path = NotificationCell.swift; sourceTree = "<group>"; };
		2FDDB0BF1FAAFB3700CBCED3 /* NotificationCell.xib */ = {isa = PBXFileReference; lastKnownFileType = file.xib; path = NotificationCell.xib; sourceTree = "<group>"; };
		4582893BE03D6C68A98EDA11 /* Pods-GitHubClient_Tests.debug.xcconfig */ = {isa = PBXFileReference; includeInIndex = 1; lastKnownFileType = text.xcconfig; name = "Pods-GitHubClient_Tests.debug.xcconfig"; path = "Pods/Target Support Files/Pods-GitHubClient_Tests/Pods-GitHubClient_Tests.debug.xcconfig"; sourceTree = "<group>"; };
		51E3C22D1E017EADDC38C36C /* Pods-GitHubClient_Example.release.xcconfig */ = {isa = PBXFileReference; includeInIndex = 1; lastKnownFileType = text.xcconfig; name = "Pods-GitHubClient_Example.release.xcconfig"; path = "Pods/Target Support Files/Pods-GitHubClient_Example/Pods-GitHubClient_Example.release.xcconfig"; sourceTree = "<group>"; };
		54E0F7678E55F191F64F1B2A /* Pods-GitHubClient_Example.debug.xcconfig */ = {isa = PBXFileReference; includeInIndex = 1; lastKnownFileType = text.xcconfig; name = "Pods-GitHubClient_Example.debug.xcconfig"; path = "Pods/Target Support Files/Pods-GitHubClient_Example/Pods-GitHubClient_Example.debug.xcconfig"; sourceTree = "<group>"; };
		5D45858ED2B83436A5FCF18F /* Pods-GitHubClient_Tests.release.xcconfig */ = {isa = PBXFileReference; includeInIndex = 1; lastKnownFileType = text.xcconfig; name = "Pods-GitHubClient_Tests.release.xcconfig"; path = "Pods/Target Support Files/Pods-GitHubClient_Tests/Pods-GitHubClient_Tests.release.xcconfig"; sourceTree = "<group>"; };
		607FACD01AFB9204008FA782 /* GitHubClient_Example.app */ = {isa = PBXFileReference; explicitFileType = wrapper.application; includeInIndex = 0; path = GitHubClient_Example.app; sourceTree = BUILT_PRODUCTS_DIR; };
		607FACD41AFB9204008FA782 /* Info.plist */ = {isa = PBXFileReference; lastKnownFileType = text.plist.xml; path = Info.plist; sourceTree = "<group>"; };
		607FACDC1AFB9204008FA782 /* Images.xcassets */ = {isa = PBXFileReference; lastKnownFileType = folder.assetcatalog; path = Images.xcassets; sourceTree = "<group>"; };
		607FACDF1AFB9204008FA782 /* Base */ = {isa = PBXFileReference; lastKnownFileType = file.xib; name = Base; path = Base.lproj/LaunchScreen.xib; sourceTree = "<group>"; };
		607FACE51AFB9204008FA782 /* GitHubClient_Tests.xctest */ = {isa = PBXFileReference; explicitFileType = wrapper.cfbundle; includeInIndex = 0; path = GitHubClient_Tests.xctest; sourceTree = BUILT_PRODUCTS_DIR; };
		607FACEA1AFB9204008FA782 /* Info.plist */ = {isa = PBXFileReference; lastKnownFileType = text.plist.xml; path = Info.plist; sourceTree = "<group>"; };
		607FACEB1AFB9204008FA782 /* Tests.swift */ = {isa = PBXFileReference; lastKnownFileType = sourcecode.swift; path = Tests.swift; sourceTree = "<group>"; };
		B092415C202053A500EBE7FC /* UIConsts.swift */ = {isa = PBXFileReference; lastKnownFileType = sourcecode.swift; path = UIConsts.swift; sourceTree = "<group>"; };
		B0A9A8652006323500F3CD27 /* Log.swift */ = {isa = PBXFileReference; lastKnownFileType = sourcecode.swift; path = Log.swift; sourceTree = "<group>"; };
		B74DFD72A60237B34521096A /* README.md */ = {isa = PBXFileReference; includeInIndex = 1; lastKnownFileType = net.daringfireball.markdown; name = README.md; path = ../README.md; sourceTree = "<group>"; };
		D536D2C33452F879DB31BEFE /* Pods_GitHubClient_Tests.framework */ = {isa = PBXFileReference; explicitFileType = wrapper.framework; includeInIndex = 0; path = Pods_GitHubClient_Tests.framework; sourceTree = BUILT_PRODUCTS_DIR; };
		EC5709AAA4240AED0824079A /* LICENSE */ = {isa = PBXFileReference; includeInIndex = 1; lastKnownFileType = text; name = LICENSE; path = ../LICENSE; sourceTree = "<group>"; };
		FADBC4B850F7F3DEFD085C49 /* Pods_GitHubClient_Example.framework */ = {isa = PBXFileReference; explicitFileType = wrapper.framework; includeInIndex = 0; path = Pods_GitHubClient_Example.framework; sourceTree = BUILT_PRODUCTS_DIR; };
/* End PBXFileReference section */

/* Begin PBXFrameworksBuildPhase section */
		607FACCD1AFB9204008FA782 /* Frameworks */ = {
			isa = PBXFrameworksBuildPhase;
			buildActionMask = 2147483647;
			files = (
				AC90611EF9199EB2576CF361 /* Pods_GitHubClient_Example.framework in Frameworks */,
			);
			runOnlyForDeploymentPostprocessing = 0;
		};
		607FACE21AFB9204008FA782 /* Frameworks */ = {
			isa = PBXFrameworksBuildPhase;
			buildActionMask = 2147483647;
			files = (
				9672545F2E4D4ABB1C06F8FF /* Pods_GitHubClient_Tests.framework in Frameworks */,
			);
			runOnlyForDeploymentPostprocessing = 0;
		};
/* End PBXFrameworksBuildPhase section */

/* Begin PBXGroup section */
		0598A824DAF3A95C86CFEB5A /* Pods */ = {
			isa = PBXGroup;
			children = (
				54E0F7678E55F191F64F1B2A /* Pods-GitHubClient_Example.debug.xcconfig */,
				51E3C22D1E017EADDC38C36C /* Pods-GitHubClient_Example.release.xcconfig */,
				4582893BE03D6C68A98EDA11 /* Pods-GitHubClient_Tests.debug.xcconfig */,
				5D45858ED2B83436A5FCF18F /* Pods-GitHubClient_Tests.release.xcconfig */,
			);
			name = Pods;
			sourceTree = "<group>";
		};
		2F0ACA62201086D700AFE403 /* IssueDetail */ = {
			isa = PBXGroup;
			children = (
				2F7D3E5D2022E71D00F4BD0F /* Resources */,
				2F0ACA5A2010868E00AFE403 /* IssueDetailViewController.swift */,
				2F0ACA60201086D200AFE403 /* IssueDetailViewModel.swift */,
				2F0ACA5C201086A600AFE403 /* IssueDetailViewController.storyboard */,
				2F7D3E592022BAC100F4BD0F /* IssueCommontCell.swift */,
				2F7D3E5A2022BAC100F4BD0F /* IssueCommontCell.xib */,
			);
			path = IssueDetail;
			sourceTree = "<group>";
		};
		2F2EF0EF201039AD00F16F33 /* EventCell */ = {
			isa = PBXGroup;
			children = (
				2F3065121FA32AB0005A6E5A /* EventCell.swift */,
				2F12B11C1FA9AC3800FAAFB9 /* EventViewModel.swift */,
				2F3065131FA32AB0005A6E5A /* EventCell.xib */,
			);
			path = EventCell;
			sourceTree = "<group>";
		};
		2F2EF0F020103B3000F16F33 /* NotificationCell */ = {
			isa = PBXGroup;
			children = (
				2FDDB0BE1FAAFB3700CBCED3 /* NotificationCell.swift */,
				2FDDB0BF1FAAFB3700CBCED3 /* NotificationCell.xib */,
			);
			path = NotificationCell;
			sourceTree = "<group>";
		};
		2F300148200C87F5000B2CBF /* UserDetail */ = {
			isa = PBXGroup;
			children = (
				2F300144200C87D2000B2CBF /* UserDetailViewController.swift */,
				2F300149200C8876000B2CBF /* UserDetailViewModel.swift */,
				2F300146200C87EB000B2CBF /* UserDetailViewController.storyboard */,
			);
			path = UserDetail;
			sourceTree = "<group>";
		};
		2F38F8B220059ABF00B27958 /* ReadMeView */ = {
			isa = PBXGroup;
			children = (
				2F38F8BB20059AFB00B27958 /* Resources */,
				2FB54BAA20036304008493F7 /* ReadMeView.swift */,
			);
			path = ReadMeView;
			sourceTree = "<group>";
		};
		2F38F8BB20059AFB00B27958 /* Resources */ = {
			isa = PBXGroup;
			children = (
				2F38F8B420059AE200B27958 /* index.html */,
				2F38F8B520059AE200B27958 /* main.css */,
				2F38F8B620059AE200B27958 /* main.js */,
				2F38F8B320059AE100B27958 /* vendor.js */,
			);
			path = Resources;
			sourceTree = "<group>";
		};
		2F38F8BF2005FB7900B27958 /* RepositoryDetail */ = {
			isa = PBXGroup;
			children = (
				2F182DFB1FFCB8C900414E3F /* RepositoryDetailViewController.swift */,
				2F38F8C02005FBB200B27958 /* RepositoryDetailViewModel.swift */,
				2F894B1A1FFF52B5001F531E /* RepositoryDetailViewController.storyboard */,
			);
			path = RepositoryDetail;
			sourceTree = "<group>";
		};
		2F7D3E5D2022E71D00F4BD0F /* Resources */ = {
			isa = PBXGroup;
			children = (
				2F7D3E5E2022E71D00F4BD0F /* comment.html */,
			);
			path = Resources;
			sourceTree = "<group>";
		};
		2F872591200882E700B5125E /* Controllers */ = {
			isa = PBXGroup;
			children = (
				2FBA6CF0201032BE008B9060 /* IssueList */,
				2FDDB0C31FAAFB5F00CBCED3 /* EventList */,
				2FDDB0C41FAAFB6900CBCED3 /* NotificationList */,
				2FBD3D341FFE0B40003FD6D6 /* RepositorySearch */,
				2F38F8BF2005FB7900B27958 /* RepositoryDetail */,
				2F894B171FFF1921001F531E /* RepositoryList */,
				2F300148200C87F5000B2CBF /* UserDetail */,
				2F0ACA62201086D700AFE403 /* IssueDetail */,
				2FA352231FA1C8C800D87553 /* ViewController.swift */,
				2FC336A02019A9860090CC2B /* ViewController.storyboard */,
			);
			path = Controllers;
			sourceTree = "<group>";
		};
		2F8725922008832000B5125E /* views */ = {
			isa = PBXGroup;
			children = (
				2F8725932008836900B5125E /* BorderView.swift */,
				2FD577012004BA2400C93DDF /* VerticalAlignmentLabel.swift */,
				2FD576FF2004B6C400C93DDF /* ControlButton.swift */,
				2FB54BA820030138008493F7 /* TopicsView.swift */,
				2F38F8BC2005C03A00B27958 /* LanguageBar.swift */,
				2FDDB0C21FAAFB4B00CBCED3 /* RepositoryCell */,
				2F2EF0EF201039AD00F16F33 /* EventCell */,
				2F2EF0F020103B3000F16F33 /* NotificationCell */,
				2F38F8B220059ABF00B27958 /* ReadMeView */,
				2F628116200F19FE00493141 /* DropDownMenu.swift */,
				2F2EF0F52010473200F16F33 /* IssueTagView.swift */,
				2FBC7CBB2011CA48006638BF /* IssueCell */,
			);
			path = views;
			sourceTree = "<group>";
		};
		2F894B171FFF1921001F531E /* RepositoryList */ = {
			isa = PBXGroup;
			children = (
				2F894B131FFF1735001F531E /* RepositoryListViewController.swift */,
				2F00FEA2200DE65E00B6D4D2 /* RepositoryListViewController.storyboard */,
				2F894B151FFF1903001F531E /* RepositoryListViewModel.swift */,
			);
			path = RepositoryList;
			sourceTree = "<group>";
		};
		2FBA6CF0201032BE008B9060 /* IssueList */ = {
			isa = PBXGroup;
			children = (
				2FBA6CF1201032F7008B9060 /* IssueListViewController.storyboard */,
				2FBA6CF320103383008B9060 /* IssueListViewController.swift */,
				2FBA6CF52010358D008B9060 /* IssueListViewModel.swift */,
			);
			path = IssueList;
			sourceTree = "<group>";
		};
		2FBC7CBB2011CA48006638BF /* IssueCell */ = {
			isa = PBXGroup;
			children = (
				2FBC7CB72011CA31006638BF /* IssueCell.swift */,
				2FBC7CB82011CA31006638BF /* IssueCell.xib */,
			);
			path = IssueCell;
			sourceTree = "<group>";
		};
		2FBD3D311FFE0864003FD6D6 /* Protocols */ = {
			isa = PBXGroup;
			children = (
				2FBD3D2F1FFE085A003FD6D6 /* ViewModelBased.swift */,
			);
			path = Protocols;
			sourceTree = "<group>";
		};
		2FBD3D341FFE0B40003FD6D6 /* RepositorySearch */ = {
			isa = PBXGroup;
			children = (
				2FA352251FA1C8C800D87553 /* RepositorySearchViewController.swift */,
				2FC336A22019A9C70090CC2B /* RepositorySearchViewController.storyboard */,
				2FBD3D321FFE0B3A003FD6D6 /* RepositorySearchViewModel.swift */,
			);
			path = RepositorySearch;
			sourceTree = "<group>";
		};
		2FDDB0C21FAAFB4B00CBCED3 /* RepositoryCell */ = {
			isa = PBXGroup;
			children = (
				2FA352241FA1C8C800D87553 /* RepositoryCell.swift */,
				2FA352221FA1C8C800D87553 /* RepositoryCell.xib */,
				2F300142200C7477000B2CBF /* NSMutableAttributedString+.swift */,
			);
			path = RepositoryCell;
			sourceTree = "<group>";
		};
		2FDDB0C31FAAFB5F00CBCED3 /* EventList */ = {
			isa = PBXGroup;
			children = (
				2F47071F1FA6B40900BD9328 /* EventListViewController.swift */,
				2FBA6CEE201029D4008B9060 /* EventListViewController.storyboard */,
				2F528BE72015CA46006D6785 /* EventListViewModel.swift */,
			);
			path = EventList;
			sourceTree = "<group>";
		};
		2FDDB0C41FAAFB6900CBCED3 /* NotificationList */ = {
			isa = PBXGroup;
			children = (
				2FDDB0B91FAAEF4800CBCED3 /* NotificationListViewController.swift */,
				2F2EF0F120103BB500F16F33 /* NotificationListViewModel.swift */,
				2F2EF0F32010448B00F16F33 /* NotificationListViewController.storyboard */,
			);
			path = NotificationList;
			sourceTree = "<group>";
		};
		4086905A93B33F8C9DBDC3B1 /* Frameworks */ = {
			isa = PBXGroup;
			children = (
				FADBC4B850F7F3DEFD085C49 /* Pods_GitHubClient_Example.framework */,
				D536D2C33452F879DB31BEFE /* Pods_GitHubClient_Tests.framework */,
			);
			name = Frameworks;
			sourceTree = "<group>";
		};
		607FACC71AFB9204008FA782 = {
			isa = PBXGroup;
			children = (
				2FC3369E2019A6860090CC2B /* .swiftlint.yml */,
				607FACF51AFB993E008FA782 /* Podspec Metadata */,
				607FACD21AFB9204008FA782 /* Example for GitHubClient */,
				607FACE81AFB9204008FA782 /* Tests */,
				607FACD11AFB9204008FA782 /* Products */,
				0598A824DAF3A95C86CFEB5A /* Pods */,
				4086905A93B33F8C9DBDC3B1 /* Frameworks */,
			);
			sourceTree = "<group>";
		};
		607FACD11AFB9204008FA782 /* Products */ = {
			isa = PBXGroup;
			children = (
				607FACD01AFB9204008FA782 /* GitHubClient_Example.app */,
				607FACE51AFB9204008FA782 /* GitHubClient_Tests.xctest */,
			);
			name = Products;
			sourceTree = "<group>";
		};
		607FACD21AFB9204008FA782 /* Example for GitHubClient */ = {
			isa = PBXGroup;
			children = (
				B0A9A8652006323500F3CD27 /* Log.swift */,
				B092415C202053A500EBE7FC /* UIConsts.swift */,
				2F9A979A2021906700C7C86B /* UIViewExtensions.swift */,
				2FBD3D311FFE0864003FD6D6 /* Protocols */,
				2FA3525C1FA1CB0500D87553 /* HUD.swift */,
				2FA3525A1FA1CA5F00D87553 /* DateString.swift */,
				2FA3522A1FA1C8D200D87553 /* AppDelegate.swift */,
				2F8725922008832000B5125E /* views */,
				2F872591200882E700B5125E /* Controllers */,
				2FA3522C1FA1C8E000D87553 /* Main.storyboard */,
				2F0ACA5820107BAD00AFE403 /* iconfont.ttf */,
				607FACDC1AFB9204008FA782 /* Images.xcassets */,
				607FACDE1AFB9204008FA782 /* LaunchScreen.xib */,
				607FACD31AFB9204008FA782 /* Supporting Files */,
				2FB576E01FB961390019BF56 /* Layer+Animation.swift */,
			);
			name = "Example for GitHubClient";
			path = GitHubClient;
			sourceTree = "<group>";
		};
		607FACD31AFB9204008FA782 /* Supporting Files */ = {
			isa = PBXGroup;
			children = (
				607FACD41AFB9204008FA782 /* Info.plist */,
			);
			name = "Supporting Files";
			sourceTree = "<group>";
		};
		607FACE81AFB9204008FA782 /* Tests */ = {
			isa = PBXGroup;
			children = (
				607FACEB1AFB9204008FA782 /* Tests.swift */,
				607FACE91AFB9204008FA782 /* Supporting Files */,
			);
			path = Tests;
			sourceTree = "<group>";
		};
		607FACE91AFB9204008FA782 /* Supporting Files */ = {
			isa = PBXGroup;
			children = (
				607FACEA1AFB9204008FA782 /* Info.plist */,
			);
			name = "Supporting Files";
			sourceTree = "<group>";
		};
		607FACF51AFB993E008FA782 /* Podspec Metadata */ = {
			isa = PBXGroup;
			children = (
				09306493ACF418F9E17AC3B6 /* GitHubClient.podspec */,
				B74DFD72A60237B34521096A /* README.md */,
				EC5709AAA4240AED0824079A /* LICENSE */,
			);
			name = "Podspec Metadata";
			sourceTree = "<group>";
		};
/* End PBXGroup section */

/* Begin PBXNativeTarget section */
		607FACCF1AFB9204008FA782 /* GitHubClient_Example */ = {
			isa = PBXNativeTarget;
			buildConfigurationList = 607FACEF1AFB9204008FA782 /* Build configuration list for PBXNativeTarget "GitHubClient_Example" */;
			buildPhases = (
				665DAD21E160F437469969BD /* [CP] Check Pods Manifest.lock */,
				607FACCC1AFB9204008FA782 /* Sources */,
				607FACCD1AFB9204008FA782 /* Frameworks */,
				607FACCE1AFB9204008FA782 /* Resources */,
				445BD34F5B1BEAB303C1FC54 /* [CP] Embed Pods Frameworks */,
				02DE851AD4A7523737E775E7 /* [CP] Copy Pods Resources */,
				2FC3369B2019A5E90090CC2B /* iblinter */,
				2FC3369C2019A6100090CC2B /* swiftlint */,
			);
			buildRules = (
			);
			dependencies = (
			);
			name = GitHubClient_Example;
			productName = GitHubClient;
			productReference = 607FACD01AFB9204008FA782 /* GitHubClient_Example.app */;
			productType = "com.apple.product-type.application";
		};
		607FACE41AFB9204008FA782 /* GitHubClient_Tests */ = {
			isa = PBXNativeTarget;
			buildConfigurationList = 607FACF21AFB9204008FA782 /* Build configuration list for PBXNativeTarget "GitHubClient_Tests" */;
			buildPhases = (
				07AD648A7042D1EC28207597 /* [CP] Check Pods Manifest.lock */,
				607FACE11AFB9204008FA782 /* Sources */,
				607FACE21AFB9204008FA782 /* Frameworks */,
				607FACE31AFB9204008FA782 /* Resources */,
				0D2A20B2CCF523A02674BD3B /* [CP] Embed Pods Frameworks */,
				A94E6AB30B816DEBC32146B9 /* [CP] Copy Pods Resources */,
			);
			buildRules = (
			);
			dependencies = (
				607FACE71AFB9204008FA782 /* PBXTargetDependency */,
			);
			name = GitHubClient_Tests;
			productName = Tests;
			productReference = 607FACE51AFB9204008FA782 /* GitHubClient_Tests.xctest */;
			productType = "com.apple.product-type.bundle.unit-test";
		};
/* End PBXNativeTarget section */

/* Begin PBXProject section */
		607FACC81AFB9204008FA782 /* Project object */ = {
			isa = PBXProject;
			attributes = {
				LastSwiftUpdateCheck = 0830;
				LastUpgradeCheck = 0830;
				ORGANIZATIONNAME = CocoaPods;
				TargetAttributes = {
					607FACCF1AFB9204008FA782 = {
						CreatedOnToolsVersion = 6.3.1;
						DevelopmentTeam = XQJ6Y5LCMF;
						LastSwiftMigration = 0900;
						ProvisioningStyle = Automatic;
					};
					607FACE41AFB9204008FA782 = {
						CreatedOnToolsVersion = 6.3.1;
						DevelopmentTeam = XQJ6Y5LCMF;
						LastSwiftMigration = 0900;
						TestTargetID = 607FACCF1AFB9204008FA782;
					};
				};
			};
			buildConfigurationList = 607FACCB1AFB9204008FA782 /* Build configuration list for PBXProject "GitHubClient" */;
			compatibilityVersion = "Xcode 3.2";
			developmentRegion = English;
			hasScannedForEncodings = 0;
			knownRegions = (
				en,
				Base,
			);
			mainGroup = 607FACC71AFB9204008FA782;
			productRefGroup = 607FACD11AFB9204008FA782 /* Products */;
			projectDirPath = "";
			projectRoot = "";
			targets = (
				607FACCF1AFB9204008FA782 /* GitHubClient_Example */,
				607FACE41AFB9204008FA782 /* GitHubClient_Tests */,
			);
		};
/* End PBXProject section */

/* Begin PBXResourcesBuildPhase section */
		607FACCE1AFB9204008FA782 /* Resources */ = {
			isa = PBXResourcesBuildPhase;
			buildActionMask = 2147483647;
			files = (
				2FA352261FA1C8C800D87553 /* RepositoryCell.xib in Resources */,
				2F894B1B1FFF52B5001F531E /* RepositoryDetailViewController.storyboard in Resources */,
				2F7D3E622022E71D00F4BD0F /* comment.html in Resources */,
				2F2EF0F42010448B00F16F33 /* NotificationListViewController.storyboard in Resources */,
				2F0ACA5920107BAD00AFE403 /* iconfont.ttf in Resources */,
				2FBA6CEF201029D4008B9060 /* EventListViewController.storyboard in Resources */,
				2F38F8BA20059AE200B27958 /* main.js in Resources */,
				2F0ACA5D201086A600AFE403 /* IssueDetailViewController.storyboard in Resources */,
				2F38F8B720059AE200B27958 /* vendor.js in Resources */,
				2F38F8B820059AE200B27958 /* index.html in Resources */,
				607FACE01AFB9204008FA782 /* LaunchScreen.xib in Resources */,
				2FBA6CF2201032F7008B9060 /* IssueListViewController.storyboard in Resources */,
				2FC336A12019A9860090CC2B /* ViewController.storyboard in Resources */,
				2FDDB0C11FAAFB3700CBCED3 /* NotificationCell.xib in Resources */,
				2F38F8B920059AE200B27958 /* main.css in Resources */,
				2F3065151FA32AB0005A6E5A /* EventCell.xib in Resources */,
				2F7D3E5C2022BAC100F4BD0F /* IssueCommontCell.xib in Resources */,
				607FACDD1AFB9204008FA782 /* Images.xcassets in Resources */,
				2F00FEA3200DE65E00B6D4D2 /* RepositoryListViewController.storyboard in Resources */,
				2FC336A32019A9C70090CC2B /* RepositorySearchViewController.storyboard in Resources */,
				2F300147200C87EB000B2CBF /* UserDetailViewController.storyboard in Resources */,
				2FA3522D1FA1C8E000D87553 /* Main.storyboard in Resources */,
				2FBC7CBA2011CA31006638BF /* IssueCell.xib in Resources */,
			);
			runOnlyForDeploymentPostprocessing = 0;
		};
		607FACE31AFB9204008FA782 /* Resources */ = {
			isa = PBXResourcesBuildPhase;
			buildActionMask = 2147483647;
			files = (
			);
			runOnlyForDeploymentPostprocessing = 0;
		};
/* End PBXResourcesBuildPhase section */

/* Begin PBXShellScriptBuildPhase section */
		02DE851AD4A7523737E775E7 /* [CP] Copy Pods Resources */ = {
			isa = PBXShellScriptBuildPhase;
			buildActionMask = 2147483647;
			files = (
			);
			inputPaths = (
				"${SRCROOT}/Pods/Target Support Files/Pods-GitHubClient_Example/Pods-GitHubClient_Example-resources.sh",
				"${PODS_ROOT}/XCGLogger/.swift-version",
			);
			name = "[CP] Copy Pods Resources";
			outputPaths = (
				"${TARGET_BUILD_DIR}/${UNLOCALIZED_RESOURCES_FOLDER_PATH}/.swift-version",
			);
			runOnlyForDeploymentPostprocessing = 0;
			shellPath = /bin/sh;
			shellScript = "\"${SRCROOT}/Pods/Target Support Files/Pods-GitHubClient_Example/Pods-GitHubClient_Example-resources.sh\"\n";
			showEnvVarsInLog = 0;
		};
		07AD648A7042D1EC28207597 /* [CP] Check Pods Manifest.lock */ = {
			isa = PBXShellScriptBuildPhase;
			buildActionMask = 2147483647;
			files = (
			);
			inputPaths = (
				"${PODS_PODFILE_DIR_PATH}/Podfile.lock",
				"${PODS_ROOT}/Manifest.lock",
			);
			name = "[CP] Check Pods Manifest.lock";
			outputPaths = (
				"$(DERIVED_FILE_DIR)/Pods-GitHubClient_Tests-checkManifestLockResult.txt",
			);
			runOnlyForDeploymentPostprocessing = 0;
			shellPath = /bin/sh;
			shellScript = "diff \"${PODS_PODFILE_DIR_PATH}/Podfile.lock\" \"${PODS_ROOT}/Manifest.lock\" > /dev/null\nif [ $? != 0 ] ; then\n    # print error to STDERR\n    echo \"error: The sandbox is not in sync with the Podfile.lock. Run 'pod install' or update your CocoaPods installation.\" >&2\n    exit 1\nfi\n# This output is used by Xcode 'outputs' to avoid re-running this script phase.\necho \"SUCCESS\" > \"${SCRIPT_OUTPUT_FILE_0}\"\n";
			showEnvVarsInLog = 0;
		};
		0D2A20B2CCF523A02674BD3B /* [CP] Embed Pods Frameworks */ = {
			isa = PBXShellScriptBuildPhase;
			buildActionMask = 2147483647;
			files = (
			);
			inputPaths = (
				"${SRCROOT}/Pods/Target Support Files/Pods-GitHubClient_Tests/Pods-GitHubClient_Tests-frameworks.sh",
				"${BUILT_PRODUCTS_DIR}/FBSnapshotTestCase/FBSnapshotTestCase.framework",
				"${BUILT_PRODUCTS_DIR}/Nimble/Nimble.framework",
				"${BUILT_PRODUCTS_DIR}/Nimble-Snapshots/Nimble_Snapshots.framework",
				"${BUILT_PRODUCTS_DIR}/Quick/Quick.framework",
			);
			name = "[CP] Embed Pods Frameworks";
			outputPaths = (
				"${TARGET_BUILD_DIR}/${FRAMEWORKS_FOLDER_PATH}/FBSnapshotTestCase.framework",
				"${TARGET_BUILD_DIR}/${FRAMEWORKS_FOLDER_PATH}/Nimble.framework",
				"${TARGET_BUILD_DIR}/${FRAMEWORKS_FOLDER_PATH}/Nimble_Snapshots.framework",
				"${TARGET_BUILD_DIR}/${FRAMEWORKS_FOLDER_PATH}/Quick.framework",
			);
			runOnlyForDeploymentPostprocessing = 0;
			shellPath = /bin/sh;
			shellScript = "\"${SRCROOT}/Pods/Target Support Files/Pods-GitHubClient_Tests/Pods-GitHubClient_Tests-frameworks.sh\"\n";
			showEnvVarsInLog = 0;
		};
		2FC3369B2019A5E90090CC2B /* iblinter */ = {
			isa = PBXShellScriptBuildPhase;
			buildActionMask = 2147483647;
			files = (
			);
			inputPaths = (
			);
			name = iblinter;
			outputPaths = (
			);
			runOnlyForDeploymentPostprocessing = 0;
			shellPath = /bin/sh;
			shellScript = "if which iblinter >/dev/null; then\n    iblinter lint\nelse\n    echo \"warning: IBLinter not installed, download from https://github.com/kateinoigakukun/IBLinter\"\nfi";
		};
		2FC3369C2019A6100090CC2B /* swiftlint */ = {
			isa = PBXShellScriptBuildPhase;
			buildActionMask = 2147483647;
			files = (
			);
			inputPaths = (
			);
			name = swiftlint;
			outputPaths = (
			);
			runOnlyForDeploymentPostprocessing = 0;
			shellPath = /bin/sh;
			shellScript = "if which swiftlint >/dev/null; then\n    swiftlint\nelse\n    echo \"warning: SwiftLint not installed, download from https://github.com/realm/SwiftLint\"\nfi";
		};
		445BD34F5B1BEAB303C1FC54 /* [CP] Embed Pods Frameworks */ = {
			isa = PBXShellScriptBuildPhase;
			buildActionMask = 2147483647;
			files = (
			);
			inputPaths = (
				"${SRCROOT}/Pods/Target Support Files/Pods-GitHubClient_Example/Pods-GitHubClient_Example-frameworks.sh",
				"${BUILT_PRODUCTS_DIR}/CFNotify/CFNotify.framework",
				"${BUILT_PRODUCTS_DIR}/DynamicColor/DynamicColor.framework",
				"${BUILT_PRODUCTS_DIR}/EFCMark/EFCMark.framework",
				"${BUILT_PRODUCTS_DIR}/EFMarkdown/EFMarkdown.framework",
				"${BUILT_PRODUCTS_DIR}/Kingfisher/Kingfisher.framework",
				"${BUILT_PRODUCTS_DIR}/MBProgressHUD/MBProgressHUD.framework",
				"${BUILT_PRODUCTS_DIR}/MJRefresh/MJRefresh.framework",
				"${BUILT_PRODUCTS_DIR}/ObjcExceptionBridging/ObjcExceptionBridging.framework",
				"${BUILT_PRODUCTS_DIR}/PINCache/PINCache.framework",
				"${BUILT_PRODUCTS_DIR}/PINOperation/PINOperation.framework",
				"${BUILT_PRODUCTS_DIR}/PINRemoteImage/PINRemoteImage.framework",
				"${BUILT_PRODUCTS_DIR}/Reusable/Reusable.framework",
				"${BUILT_PRODUCTS_DIR}/RxSwift/RxSwift.framework",
				"${BUILT_PRODUCTS_DIR}/SnapKit/SnapKit.framework",
				"${BUILT_PRODUCTS_DIR}/Texture/AsyncDisplayKit.framework",
				"${BUILT_PRODUCTS_DIR}/UITableView+FDTemplateLayoutCell/UITableView_FDTemplateLayoutCell.framework",
				"${BUILT_PRODUCTS_DIR}/URLNavigator/URLNavigator.framework",
				"${BUILT_PRODUCTS_DIR}/XCGLogger/XCGLogger.framework",
				"${BUILT_PRODUCTS_DIR}/YYText/YYText.framework",
			);
			name = "[CP] Embed Pods Frameworks";
			outputPaths = (
				"${TARGET_BUILD_DIR}/${FRAMEWORKS_FOLDER_PATH}/CFNotify.framework",
				"${TARGET_BUILD_DIR}/${FRAMEWORKS_FOLDER_PATH}/DynamicColor.framework",
				"${TARGET_BUILD_DIR}/${FRAMEWORKS_FOLDER_PATH}/EFCMark.framework",
				"${TARGET_BUILD_DIR}/${FRAMEWORKS_FOLDER_PATH}/EFMarkdown.framework",
				"${TARGET_BUILD_DIR}/${FRAMEWORKS_FOLDER_PATH}/Kingfisher.framework",
				"${TARGET_BUILD_DIR}/${FRAMEWORKS_FOLDER_PATH}/MBProgressHUD.framework",
				"${TARGET_BUILD_DIR}/${FRAMEWORKS_FOLDER_PATH}/MJRefresh.framework",
				"${TARGET_BUILD_DIR}/${FRAMEWORKS_FOLDER_PATH}/ObjcExceptionBridging.framework",
				"${TARGET_BUILD_DIR}/${FRAMEWORKS_FOLDER_PATH}/PINCache.framework",
				"${TARGET_BUILD_DIR}/${FRAMEWORKS_FOLDER_PATH}/PINOperation.framework",
				"${TARGET_BUILD_DIR}/${FRAMEWORKS_FOLDER_PATH}/PINRemoteImage.framework",
				"${TARGET_BUILD_DIR}/${FRAMEWORKS_FOLDER_PATH}/Reusable.framework",
				"${TARGET_BUILD_DIR}/${FRAMEWORKS_FOLDER_PATH}/RxSwift.framework",
				"${TARGET_BUILD_DIR}/${FRAMEWORKS_FOLDER_PATH}/SnapKit.framework",
				"${TARGET_BUILD_DIR}/${FRAMEWORKS_FOLDER_PATH}/AsyncDisplayKit.framework",
				"${TARGET_BUILD_DIR}/${FRAMEWORKS_FOLDER_PATH}/UITableView_FDTemplateLayoutCell.framework",
				"${TARGET_BUILD_DIR}/${FRAMEWORKS_FOLDER_PATH}/URLNavigator.framework",
				"${TARGET_BUILD_DIR}/${FRAMEWORKS_FOLDER_PATH}/XCGLogger.framework",
				"${TARGET_BUILD_DIR}/${FRAMEWORKS_FOLDER_PATH}/YYText.framework",
			);
			runOnlyForDeploymentPostprocessing = 0;
			shellPath = /bin/sh;
			shellScript = "\"${SRCROOT}/Pods/Target Support Files/Pods-GitHubClient_Example/Pods-GitHubClient_Example-frameworks.sh\"\n";
			showEnvVarsInLog = 0;
		};
		665DAD21E160F437469969BD /* [CP] Check Pods Manifest.lock */ = {
			isa = PBXShellScriptBuildPhase;
			buildActionMask = 2147483647;
			files = (
			);
			inputPaths = (
				"${PODS_PODFILE_DIR_PATH}/Podfile.lock",
				"${PODS_ROOT}/Manifest.lock",
			);
			name = "[CP] Check Pods Manifest.lock";
			outputPaths = (
				"$(DERIVED_FILE_DIR)/Pods-GitHubClient_Example-checkManifestLockResult.txt",
			);
			runOnlyForDeploymentPostprocessing = 0;
			shellPath = /bin/sh;
			shellScript = "diff \"${PODS_PODFILE_DIR_PATH}/Podfile.lock\" \"${PODS_ROOT}/Manifest.lock\" > /dev/null\nif [ $? != 0 ] ; then\n    # print error to STDERR\n    echo \"error: The sandbox is not in sync with the Podfile.lock. Run 'pod install' or update your CocoaPods installation.\" >&2\n    exit 1\nfi\n# This output is used by Xcode 'outputs' to avoid re-running this script phase.\necho \"SUCCESS\" > \"${SCRIPT_OUTPUT_FILE_0}\"\n";
			showEnvVarsInLog = 0;
		};
		A94E6AB30B816DEBC32146B9 /* [CP] Copy Pods Resources */ = {
			isa = PBXShellScriptBuildPhase;
			buildActionMask = 2147483647;
			files = (
			);
			inputPaths = (
			);
			name = "[CP] Copy Pods Resources";
			outputPaths = (
			);
			runOnlyForDeploymentPostprocessing = 0;
			shellPath = /bin/sh;
			shellScript = "\"${SRCROOT}/Pods/Target Support Files/Pods-GitHubClient_Tests/Pods-GitHubClient_Tests-resources.sh\"\n";
			showEnvVarsInLog = 0;
		};
/* End PBXShellScriptBuildPhase section */

/* Begin PBXSourcesBuildPhase section */
		607FACCC1AFB9204008FA782 /* Sources */ = {
			isa = PBXSourcesBuildPhase;
			buildActionMask = 2147483647;
			files = (
				B092415D202053A500EBE7FC /* UIConsts.swift in Sources */,
				2FB576E11FB961390019BF56 /* Layer+Animation.swift in Sources */,
				2FBA6CF420103383008B9060 /* IssueListViewController.swift in Sources */,
				2F300145200C87D2000B2CBF /* UserDetailViewController.swift in Sources */,
				2F30014A200C8876000B2CBF /* UserDetailViewModel.swift in Sources */,
				2FBA6CF62010358D008B9060 /* IssueListViewModel.swift in Sources */,
				2F0ACA61201086D200AFE403 /* IssueDetailViewModel.swift in Sources */,
				2F2EF0F220103BB500F16F33 /* NotificationListViewModel.swift in Sources */,
				2FBC7CB92011CA31006638BF /* IssueCell.swift in Sources */,
				B0A9A8662006323500F3CD27 /* Log.swift in Sources */,
				2FA3522B1FA1C8D200D87553 /* AppDelegate.swift in Sources */,
				2FB54BAB20036304008493F7 /* ReadMeView.swift in Sources */,
				2FDDB0C01FAAFB3700CBCED3 /* NotificationCell.swift in Sources */,
				2F0ACA5B2010868E00AFE403 /* IssueDetailViewController.swift in Sources */,
				2F12B11D1FA9AC3800FAAFB9 /* EventViewModel.swift in Sources */,
				2F182DFC1FFCB8C900414E3F /* RepositoryDetailViewController.swift in Sources */,
				2F894B141FFF1735001F531E /* RepositoryListViewController.swift in Sources */,
				2FB54BA920030138008493F7 /* TopicsView.swift in Sources */,
				2F4707201FA6B40900BD9328 /* EventListViewController.swift in Sources */,
				2FD577002004B6C500C93DDF /* ControlButton.swift in Sources */,
				2FD577022004BA2400C93DDF /* VerticalAlignmentLabel.swift in Sources */,
				2FBD3D331FFE0B3A003FD6D6 /* RepositorySearchViewModel.swift in Sources */,
				2FA3525B1FA1CA5F00D87553 /* DateString.swift in Sources */,
				2F7D3E5B2022BAC100F4BD0F /* IssueCommontCell.swift in Sources */,
				2F2EF0F62010473200F16F33 /* IssueTagView.swift in Sources */,
				2FA352271FA1C8C800D87553 /* ViewController.swift in Sources */,
				2F628117200F19FE00493141 /* DropDownMenu.swift in Sources */,
				2F9A979B2021906700C7C86B /* UIViewExtensions.swift in Sources */,
				2FDDB0BA1FAAEF4800CBCED3 /* NotificationListViewController.swift in Sources */,
				2F300143200C7477000B2CBF /* NSMutableAttributedString+.swift in Sources */,
				2F3065141FA32AB0005A6E5A /* EventCell.swift in Sources */,
				2FA3525D1FA1CB0500D87553 /* HUD.swift in Sources */,
				2F8725942008836900B5125E /* BorderView.swift in Sources */,
				2F38F8C12005FBB200B27958 /* RepositoryDetailViewModel.swift in Sources */,
				2FA352281FA1C8C800D87553 /* RepositoryCell.swift in Sources */,
				2FA352291FA1C8C800D87553 /* RepositorySearchViewController.swift in Sources */,
				2F38F8BD2005C03A00B27958 /* LanguageBar.swift in Sources */,
				2FBD3D301FFE085A003FD6D6 /* ViewModelBased.swift in Sources */,
				2F894B161FFF1903001F531E /* RepositoryListViewModel.swift in Sources */,
				2F528BE82015CA46006D6785 /* EventListViewModel.swift in Sources */,
			);
			runOnlyForDeploymentPostprocessing = 0;
		};
		607FACE11AFB9204008FA782 /* Sources */ = {
			isa = PBXSourcesBuildPhase;
			buildActionMask = 2147483647;
			files = (
				607FACEC1AFB9204008FA782 /* Tests.swift in Sources */,
			);
			runOnlyForDeploymentPostprocessing = 0;
		};
/* End PBXSourcesBuildPhase section */

/* Begin PBXTargetDependency section */
		607FACE71AFB9204008FA782 /* PBXTargetDependency */ = {
			isa = PBXTargetDependency;
			target = 607FACCF1AFB9204008FA782 /* GitHubClient_Example */;
			targetProxy = 607FACE61AFB9204008FA782 /* PBXContainerItemProxy */;
		};
/* End PBXTargetDependency section */

/* Begin PBXVariantGroup section */
		607FACDE1AFB9204008FA782 /* LaunchScreen.xib */ = {
			isa = PBXVariantGroup;
			children = (
				607FACDF1AFB9204008FA782 /* Base */,
			);
			name = LaunchScreen.xib;
			sourceTree = "<group>";
		};
/* End PBXVariantGroup section */

/* Begin XCBuildConfiguration section */
		607FACED1AFB9204008FA782 /* Debug */ = {
			isa = XCBuildConfiguration;
			buildSettings = {
				ALWAYS_SEARCH_USER_PATHS = NO;
				CLANG_CXX_LANGUAGE_STANDARD = "gnu++0x";
				CLANG_CXX_LIBRARY = "libc++";
				CLANG_ENABLE_MODULES = YES;
				CLANG_ENABLE_OBJC_ARC = YES;
				CLANG_WARN_BLOCK_CAPTURE_AUTORELEASING = YES;
				CLANG_WARN_BOOL_CONVERSION = YES;
				CLANG_WARN_COMMA = YES;
				CLANG_WARN_CONSTANT_CONVERSION = YES;
				CLANG_WARN_DIRECT_OBJC_ISA_USAGE = YES_ERROR;
				CLANG_WARN_EMPTY_BODY = YES;
				CLANG_WARN_ENUM_CONVERSION = YES;
				CLANG_WARN_INFINITE_RECURSION = YES;
				CLANG_WARN_INT_CONVERSION = YES;
				CLANG_WARN_NON_LITERAL_NULL_CONVERSION = YES;
				CLANG_WARN_OBJC_LITERAL_CONVERSION = YES;
				CLANG_WARN_OBJC_ROOT_CLASS = YES_ERROR;
				CLANG_WARN_RANGE_LOOP_ANALYSIS = YES;
				CLANG_WARN_STRICT_PROTOTYPES = YES;
				CLANG_WARN_SUSPICIOUS_MOVE = YES;
				CLANG_WARN_UNREACHABLE_CODE = YES;
				CLANG_WARN__DUPLICATE_METHOD_MATCH = YES;
				"CODE_SIGN_IDENTITY[sdk=iphoneos*]" = "iPhone Developer";
				COPY_PHASE_STRIP = NO;
				DEBUG_INFORMATION_FORMAT = "dwarf-with-dsym";
				ENABLE_STRICT_OBJC_MSGSEND = YES;
				ENABLE_TESTABILITY = YES;
				GCC_C_LANGUAGE_STANDARD = gnu99;
				GCC_DYNAMIC_NO_PIC = NO;
				GCC_NO_COMMON_BLOCKS = YES;
				GCC_OPTIMIZATION_LEVEL = 0;
				GCC_PREPROCESSOR_DEFINITIONS = (
					"DEBUG=1",
					"$(inherited)",
				);
				GCC_SYMBOLS_PRIVATE_EXTERN = NO;
				GCC_WARN_64_TO_32_BIT_CONVERSION = YES;
				GCC_WARN_ABOUT_RETURN_TYPE = YES_ERROR;
				GCC_WARN_UNDECLARED_SELECTOR = YES;
				GCC_WARN_UNINITIALIZED_AUTOS = YES_AGGRESSIVE;
				GCC_WARN_UNUSED_FUNCTION = YES;
				GCC_WARN_UNUSED_VARIABLE = YES;
				IPHONEOS_DEPLOYMENT_TARGET = 9.3;
				MTL_ENABLE_DEBUG_INFO = YES;
				ONLY_ACTIVE_ARCH = YES;
				OTHER_LDFLAGS = "-ObjC";
				SDKROOT = iphoneos;
				SWIFT_OPTIMIZATION_LEVEL = "-Onone";
			};
			name = Debug;
		};
		607FACEE1AFB9204008FA782 /* Release */ = {
			isa = XCBuildConfiguration;
			buildSettings = {
				ALWAYS_SEARCH_USER_PATHS = NO;
				CLANG_CXX_LANGUAGE_STANDARD = "gnu++0x";
				CLANG_CXX_LIBRARY = "libc++";
				CLANG_ENABLE_MODULES = YES;
				CLANG_ENABLE_OBJC_ARC = YES;
				CLANG_WARN_BLOCK_CAPTURE_AUTORELEASING = YES;
				CLANG_WARN_BOOL_CONVERSION = YES;
				CLANG_WARN_COMMA = YES;
				CLANG_WARN_CONSTANT_CONVERSION = YES;
				CLANG_WARN_DIRECT_OBJC_ISA_USAGE = YES_ERROR;
				CLANG_WARN_EMPTY_BODY = YES;
				CLANG_WARN_ENUM_CONVERSION = YES;
				CLANG_WARN_INFINITE_RECURSION = YES;
				CLANG_WARN_INT_CONVERSION = YES;
				CLANG_WARN_NON_LITERAL_NULL_CONVERSION = YES;
				CLANG_WARN_OBJC_LITERAL_CONVERSION = YES;
				CLANG_WARN_OBJC_ROOT_CLASS = YES_ERROR;
				CLANG_WARN_RANGE_LOOP_ANALYSIS = YES;
				CLANG_WARN_STRICT_PROTOTYPES = YES;
				CLANG_WARN_SUSPICIOUS_MOVE = YES;
				CLANG_WARN_UNREACHABLE_CODE = YES;
				CLANG_WARN__DUPLICATE_METHOD_MATCH = YES;
				"CODE_SIGN_IDENTITY[sdk=iphoneos*]" = "iPhone Developer";
				COPY_PHASE_STRIP = NO;
				DEBUG_INFORMATION_FORMAT = "dwarf-with-dsym";
				ENABLE_NS_ASSERTIONS = NO;
				ENABLE_STRICT_OBJC_MSGSEND = YES;
				GCC_C_LANGUAGE_STANDARD = gnu99;
				GCC_NO_COMMON_BLOCKS = YES;
				GCC_WARN_64_TO_32_BIT_CONVERSION = YES;
				GCC_WARN_ABOUT_RETURN_TYPE = YES_ERROR;
				GCC_WARN_UNDECLARED_SELECTOR = YES;
				GCC_WARN_UNINITIALIZED_AUTOS = YES_AGGRESSIVE;
				GCC_WARN_UNUSED_FUNCTION = YES;
				GCC_WARN_UNUSED_VARIABLE = YES;
				IPHONEOS_DEPLOYMENT_TARGET = 9.3;
				MTL_ENABLE_DEBUG_INFO = NO;
				OTHER_LDFLAGS = "-ObjC";
				SDKROOT = iphoneos;
				SWIFT_OPTIMIZATION_LEVEL = "-Owholemodule";
				VALIDATE_PRODUCT = YES;
			};
			name = Release;
		};
		607FACF01AFB9204008FA782 /* Debug */ = {
			isa = XCBuildConfiguration;
			baseConfigurationReference = 54E0F7678E55F191F64F1B2A /* Pods-GitHubClient_Example.debug.xcconfig */;
			buildSettings = {
				ASSETCATALOG_COMPILER_APPICON_NAME = AppIcon;
				CLANG_ENABLE_MODULES = YES;
				"CODE_SIGN_IDENTITY[sdk=iphoneos*]" = "iPhone Developer";
				CODE_SIGN_STYLE = Automatic;
				DEVELOPMENT_TEAM = XQJ6Y5LCMF;
				INFOPLIST_FILE = GitHubClient/Info.plist;
				LD_RUNPATH_SEARCH_PATHS = "$(inherited) @executable_path/Frameworks";
				MODULE_NAME = ExampleApp;
				OTHER_LDFLAGS = (
					"$(inherited)",
					"-framework",
					"\"CFNetwork\"",
					"-framework",
					"\"CFNotify\"",
					"-framework",
					"\"CoreGraphics\"",
					"-framework",
					"\"DynamicColor\"",
					"-framework",
					"\"EFCMark\"",
					"-framework",
					"\"EFMarkdown\"",
					"-framework",
					"\"Foundation\"",
					"-framework",
					"\"GitHubClient\"",
					"-framework",
					"\"Kingfisher\"",
					"-framework",
					"\"MBProgressHUD\"",
					"-framework",
					"\"ObjcExceptionBridging\"",
					"-framework",
					"\"QuartzCore\"",
					"-framework",
					"\"Reusable\"",
					"-framework",
					"\"RxSwift\"",
					"-framework",
					"\"SnapKit\"",
					"-framework",
					"\"UIKit\"",
					"-framework",
					"\"UITableView_FDTemplateLayoutCell\"",
					"-framework",
					"\"URLNavigator\"",
					"-framework",
					"\"XCGLogger\"",
					"-framework",
					"\"YYText\"",
				);
				PRODUCT_BUNDLE_IDENTIFIER = "org.cocoapods.demo.$(PRODUCT_NAME:rfc1034identifier)";
				PRODUCT_NAME = "$(TARGET_NAME)";
				PROVISIONING_PROFILE_SPECIFIER = "";
				SWIFT_OPTIMIZATION_LEVEL = "-Onone";
				SWIFT_SWIFT3_OBJC_INFERENCE = Default;
				SWIFT_VERSION = 4.0;
			};
			name = Debug;
		};
		607FACF11AFB9204008FA782 /* Release */ = {
			isa = XCBuildConfiguration;
			baseConfigurationReference = 51E3C22D1E017EADDC38C36C /* Pods-GitHubClient_Example.release.xcconfig */;
			buildSettings = {
				ASSETCATALOG_COMPILER_APPICON_NAME = AppIcon;
				CLANG_ENABLE_MODULES = YES;
				"CODE_SIGN_IDENTITY[sdk=iphoneos*]" = "iPhone Developer";
				CODE_SIGN_STYLE = Automatic;
				DEVELOPMENT_TEAM = XQJ6Y5LCMF;
				INFOPLIST_FILE = GitHubClient/Info.plist;
				LD_RUNPATH_SEARCH_PATHS = "$(inherited) @executable_path/Frameworks";
				MODULE_NAME = ExampleApp;
				OTHER_LDFLAGS = (
					"$(inherited)",
					"-framework",
					"\"CFNetwork\"",
					"-framework",
					"\"CFNotify\"",
					"-framework",
					"\"CoreGraphics\"",
					"-framework",
					"\"DynamicColor\"",
					"-framework",
					"\"EFCMark\"",
					"-framework",
					"\"EFMarkdown\"",
					"-framework",
					"\"Foundation\"",
					"-framework",
					"\"GitHubClient\"",
					"-framework",
					"\"Kingfisher\"",
					"-framework",
					"\"MBProgressHUD\"",
					"-framework",
					"\"ObjcExceptionBridging\"",
					"-framework",
					"\"QuartzCore\"",
					"-framework",
					"\"Reusable\"",
					"-framework",
					"\"RxSwift\"",
					"-framework",
					"\"SnapKit\"",
					"-framework",
					"\"UIKit\"",
					"-framework",
					"\"UITableView_FDTemplateLayoutCell\"",
					"-framework",
					"\"URLNavigator\"",
					"-framework",
					"\"XCGLogger\"",
					"-framework",
					"\"YYText\"",
				);
				PRODUCT_BUNDLE_IDENTIFIER = "org.cocoapods.demo.$(PRODUCT_NAME:rfc1034identifier)";
				PRODUCT_NAME = "$(TARGET_NAME)";
				PROVISIONING_PROFILE_SPECIFIER = "";
				SWIFT_SWIFT3_OBJC_INFERENCE = Default;
				SWIFT_VERSION = 4.0;
			};
			name = Release;
		};
		607FACF31AFB9204008FA782 /* Debug */ = {
			isa = XCBuildConfiguration;
			baseConfigurationReference = 4582893BE03D6C68A98EDA11 /* Pods-GitHubClient_Tests.debug.xcconfig */;
			buildSettings = {
				ALWAYS_EMBED_SWIFT_STANDARD_LIBRARIES = YES;
				DEVELOPMENT_TEAM = XQJ6Y5LCMF;
				FRAMEWORK_SEARCH_PATHS = (
					"$(SDKROOT)/Developer/Library/Frameworks",
					"$(inherited)",
				);
				GCC_PREPROCESSOR_DEFINITIONS = (
					"DEBUG=1",
					"$(inherited)",
				);
				INFOPLIST_FILE = Tests/Info.plist;
				LD_RUNPATH_SEARCH_PATHS = "$(inherited) @executable_path/Frameworks @loader_path/Frameworks";
				PRODUCT_BUNDLE_IDENTIFIER = "org.cocoapods.$(PRODUCT_NAME:rfc1034identifier)";
				PRODUCT_NAME = "$(TARGET_NAME)";
				SWIFT_SWIFT3_OBJC_INFERENCE = Default;
				SWIFT_VERSION = 4.0;
			};
			name = Debug;
		};
		607FACF41AFB9204008FA782 /* Release */ = {
			isa = XCBuildConfiguration;
			baseConfigurationReference = 5D45858ED2B83436A5FCF18F /* Pods-GitHubClient_Tests.release.xcconfig */;
			buildSettings = {
				ALWAYS_EMBED_SWIFT_STANDARD_LIBRARIES = YES;
				DEVELOPMENT_TEAM = XQJ6Y5LCMF;
				FRAMEWORK_SEARCH_PATHS = (
					"$(SDKROOT)/Developer/Library/Frameworks",
					"$(inherited)",
				);
				INFOPLIST_FILE = Tests/Info.plist;
				LD_RUNPATH_SEARCH_PATHS = "$(inherited) @executable_path/Frameworks @loader_path/Frameworks";
				PRODUCT_BUNDLE_IDENTIFIER = "org.cocoapods.$(PRODUCT_NAME:rfc1034identifier)";
				PRODUCT_NAME = "$(TARGET_NAME)";
				SWIFT_SWIFT3_OBJC_INFERENCE = Default;
				SWIFT_VERSION = 4.0;
			};
			name = Release;
		};
/* End XCBuildConfiguration section */

/* Begin XCConfigurationList section */
		607FACCB1AFB9204008FA782 /* Build configuration list for PBXProject "GitHubClient" */ = {
			isa = XCConfigurationList;
			buildConfigurations = (
				607FACED1AFB9204008FA782 /* Debug */,
				607FACEE1AFB9204008FA782 /* Release */,
			);
			defaultConfigurationIsVisible = 0;
			defaultConfigurationName = Release;
		};
		607FACEF1AFB9204008FA782 /* Build configuration list for PBXNativeTarget "GitHubClient_Example" */ = {
			isa = XCConfigurationList;
			buildConfigurations = (
				607FACF01AFB9204008FA782 /* Debug */,
				607FACF11AFB9204008FA782 /* Release */,
			);
			defaultConfigurationIsVisible = 0;
			defaultConfigurationName = Release;
		};
		607FACF21AFB9204008FA782 /* Build configuration list for PBXNativeTarget "GitHubClient_Tests" */ = {
			isa = XCConfigurationList;
			buildConfigurations = (
				607FACF31AFB9204008FA782 /* Debug */,
				607FACF41AFB9204008FA782 /* Release */,
			);
			defaultConfigurationIsVisible = 0;
			defaultConfigurationName = Release;
		};
/* End XCConfigurationList section */
	};
	rootObject = 607FACC81AFB9204008FA782 /* Project object */;
}
